<?xml version="1.0" encoding="utf-8"?>
<Project ToolsVersion="4.0" xmlns="http://schemas.microsoft.com/developer/msbuild/2003">
  <ItemGroup>
    <Filter Include="LUA">
      <UniqueIdentifier>{0a039126-be7a-40cd-beff-5613ec3290c0}</UniqueIdentifier>
    </Filter>
    <Filter Include="NameSpaces">
      <UniqueIdentifier>{88306667-3c43-443d-a3bb-10fc5d99a3ab}</UniqueIdentifier>
    </Filter>
  </ItemGroup>
  <ItemGroup>
    <ClCompile Include="..\src\LUAScripting\lua\lapi.c">
      <Filter>LUA</Filter>
    </ClCompile>
    <ClCompile Include="..\src\LUAScripting\lua\lauxlib.c">
      <Filter>LUA</Filter>
    </ClCompile>
    <ClCompile Include="..\src\LUAScripting\lua\lbaselib.c">
      <Filter>LUA</Filter>
    </ClCompile>
    <ClCompile Include="..\src\LUAScripting\lua\lcode.c">
      <Filter>LUA</Filter>
    </ClCompile>
    <ClCompile Include="..\src\LUAScripting\lua\ldblib.c">
      <Filter>LUA</Filter>
    </ClCompile>
    <ClCompile Include="..\src\LUAScripting\lua\ldebug.c">
      <Filter>LUA</Filter>
    </ClCompile>
    <ClCompile Include="..\src\LUAScripting\lua\ldo.c">
      <Filter>LUA</Filter>
    </ClCompile>
    <ClCompile Include="..\src\LUAScripting\lua\ldump.c">
      <Filter>LUA</Filter>
    </ClCompile>
    <ClCompile Include="..\src\LUAScripting\lua\lfunc.c">
      <Filter>LUA</Filter>
    </ClCompile>
    <ClCompile Include="..\src\LUAScripting\lua\lgc.c">
      <Filter>LUA</Filter>
    </ClCompile>
    <ClCompile Include="..\src\LUAScripting\lua\linit.c">
      <Filter>LUA</Filter>
    </ClCompile>
    <ClCompile Include="..\src\LUAScripting\lua\liolib.c">
      <Filter>LUA</Filter>
    </ClCompile>
    <ClCompile Include="..\src\LUAScripting\lua\llex.c">
      <Filter>LUA</Filter>
    </ClCompile>
    <ClCompile Include="..\src\LUAScripting\lua\lmathlib.c">
      <Filter>LUA</Filter>
    </ClCompile>
    <ClCompile Include="..\src\LUAScripting\lua\lmem.c">
      <Filter>LUA</Filter>
    </ClCompile>
    <ClCompile Include="..\src\LUAScripting\lua\loadlib.c">
      <Filter>LUA</Filter>
    </ClCompile>
    <ClCompile Include="..\src\LUAScripting\lua\lobject.c">
      <Filter>LUA</Filter>
    </ClCompile>
    <ClCompile Include="..\src\LUAScripting\lua\lopcodes.c">
      <Filter>LUA</Filter>
    </ClCompile>
    <ClCompile Include="..\src\LUAScripting\lua\loslib.c">
      <Filter>LUA</Filter>
    </ClCompile>
    <ClCompile Include="..\src\LUAScripting\lua\lparser.c">
      <Filter>LUA</Filter>
    </ClCompile>
    <ClCompile Include="..\src\LUAScripting\lua\lstate.c">
      <Filter>LUA</Filter>
    </ClCompile>
    <ClCompile Include="..\src\LUAScripting\lua\lstring.c">
      <Filter>LUA</Filter>
    </ClCompile>
    <ClCompile Include="..\src\LUAScripting\lua\lstrlib.c">
      <Filter>LUA</Filter>
    </ClCompile>
    <ClCompile Include="..\src\LUAScripting\lua\ltable.c">
      <Filter>LUA</Filter>
    </ClCompile>
    <ClCompile Include="..\src\LUAScripting\lua\ltablib.c">
      <Filter>LUA</Filter>
    </ClCompile>
    <ClCompile Include="..\src\LUAScripting\lua\ltm.c">
      <Filter>LUA</Filter>
    </ClCompile>
    <ClCompile Include="..\src\LUAScripting\lua\lundump.c">
      <Filter>LUA</Filter>
    </ClCompile>
    <ClCompile Include="..\src\LUAScripting\lua\lvm.c">
      <Filter>LUA</Filter>
    </ClCompile>
    <ClCompile Include="..\src\LUAScripting\lua\lzio.c">
      <Filter>LUA</Filter>
    </ClCompile>
    <ClCompile Include="..\src\LUAScripting\lua\print.c">
      <Filter>LUA</Filter>
    </ClCompile>
    <ClCompile Include="..\src\LUAScripting\NameSpaces\FunctionTables.cpp">
      <Filter>NameSpaces</Filter>
    </ClCompile>
    <ClCompile Include="..\src\LUAScripting\NameSpaces\GameObjectFunctions.cpp">
      <Filter>NameSpaces</Filter>
    </ClCompile>
    <ClCompile Include="..\src\LUAScripting\NameSpaces\ItemFunctions.cpp">
      <Filter>NameSpaces</Filter>
    </ClCompile>
    <ClCompile Include="..\src\LUAScripting\NameSpaces\UnitFunctions.cpp">
      <Filter>NameSpaces</Filter>
    </ClCompile>
    <ClCompile Include="..\src\LUAScripting\LUAEngine.cpp" />
  </ItemGroup>
  <ItemGroup>
    <ClInclude Include="..\src\LUAScripting\lua\lapi.h">
      <Filter>LUA</Filter>
    </ClInclude>
    <ClInclude Include="..\src\LUAScripting\lua\lauxlib.h">
      <Filter>LUA</Filter>
    </ClInclude>
    <ClInclude Include="..\src\LUAScripting\lua\lcode.h">
      <Filter>LUA</Filter>
    </ClInclude>
    <ClInclude Include="..\src\LUAScripting\lua\ldebug.h">
      <Filter>LUA</Filter>
    </ClInclude>
    <ClInclude Include="..\src\LUAScripting\lua\ldo.h">
      <Filter>LUA</Filter>
    </ClInclude>
    <ClInclude Include="..\src\LUAScripting\lua\lfunc.h">
      <Filter>LUA</Filter>
    </ClInclude>
    <ClInclude Include="..\src\LUAScripting\lua\lgc.h">
      <Filter>LUA</Filter>
    </ClInclude>
    <ClInclude Include="..\src\LUAScripting\lua\llex.h">
      <Filter>LUA</Filter>
    </ClInclude>
    <ClInclude Include="..\src\LUAScripting\lua\llimits.h">
      <Filter>LUA</Filter>
    </ClInclude>
    <ClInclude Include="..\src\LUAScripting\lua\lmem.h">
      <Filter>LUA</Filter>
    </ClInclude>
    <ClInclude Include="..\src\LUAScripting\lua\lobject.h">
      <Filter>LUA</Filter>
    </ClInclude>
    <ClInclude Include="..\src\LUAScripting\lua\lopcodes.h">
      <Filter>LUA</Filter>
    </ClInclude>
    <ClInclude Include="..\src\LUAScripting\lua\lparser.h">
      <Filter>LUA</Filter>
    </ClInclude>
    <ClInclude Include="..\src\LUAScripting\lua\lstate.h">
      <Filter>LUA</Filter>
    </ClInclude>
    <ClInclude Include="..\src\LUAScripting\lua\lstring.h">
      <Filter>LUA</Filter>
    </ClInclude>
    <ClInclude Include="..\src\LUAScripting\lua\ltable.h">
      <Filter>LUA</Filter>
    </ClInclude>
    <ClInclude Include="..\src\LUAScripting\lua\ltm.h">
      <Filter>LUA</Filter>
    </ClInclude>
    <ClInclude Include="..\src\LUAScripting\lua\lua.h">
      <Filter>LUA</Filter>
    </ClInclude>
    <ClInclude Include="..\src\LUAScripting\lua\luaconf.h">
      <Filter>LUA</Filter>
    </ClInclude>
    <ClInclude Include="..\src\LUAScripting\lua\lualib.h">
      <Filter>LUA</Filter>
    </ClInclude>
    <ClInclude Include="..\src\LUAScripting\lua\lundump.h">
      <Filter>LUA</Filter>
    </ClInclude>
    <ClInclude Include="..\src\LUAScripting\lua\lvm.h">
      <Filter>LUA</Filter>
    </ClInclude>
    <ClInclude Include="..\src\LUAScripting\lua\lzio.h">
      <Filter>LUA</Filter>
    </ClInclude>
    <ClInclude Include="..\src\LUAScripting\LUAEngine.h" />
    <ClInclude Include="..\src\LUAScripting\LUAFunctions.h" />
  </ItemGroup>
  <ItemGroup>
    <CustomBuildStep Include="..\src\LUAScripting\NameSpaces\GameObjectFunctions.h">
      <Filter>NameSpaces</Filter>
    </CustomBuildStep>
    <CustomBuildStep Include="..\src\LUAScripting\NameSpaces\ItemFunctions.h">
      <Filter>NameSpaces</Filter>
    </CustomBuildStep>
    <CustomBuildStep Include="..\src\LUAScripting\NameSpaces\UnitFunctions.h">
      <Filter>NameSpaces</Filter>
    </CustomBuildStep>
  </ItemGroup>
</Project>