<?xml version="1.0" encoding="utf-8"?>
<Project ToolsVersion="4.0" xmlns="http://schemas.microsoft.com/developer/msbuild/2003">
  <ItemGroup>
    <Filter Include="Config">
      <UniqueIdentifier>{4FC737F1-C7A5-4376-A066-2A32D752A2FF}</UniqueIdentifier>
      <Extensions>cpp;c;cxx;def;odl;idl;hpj;bat;asm;asmx</Extensions>
    </Filter>
    <Filter Include="Opcode/Socket/Packet">
      <UniqueIdentifier>{93995380-89BD-4b04-88EB-625FBE52EBFB}</UniqueIdentifier>
      <Extensions>h;hpp;hxx;hm;inl;inc;xsd</Extensions>
    </Filter>
    <Filter Include="Voice/Network">
      <UniqueIdentifier>{832fa364-93c0-453e-b1d1-99ea749fafec}</UniqueIdentifier>
    </Filter>
    <Filter Include="Log">
      <UniqueIdentifier>{eac32f57-9fec-4e01-ae43-53f09e8b6275}</UniqueIdentifier>
    </Filter>
  </ItemGroup>
  <ItemGroup>
    <ClCompile Include="..\..\src\hearthstone-voicechat\configfile.c">
      <Filter>Config</Filter>
    </ClCompile>
    <ClCompile Include="..\..\src\hearthstone-voicechat\hearthstone_socket.c">
      <Filter>Opcode/Socket/Packet</Filter>
    </ClCompile>
    <ClCompile Include="..\..\src\hearthstone-voicechat\network_handlers.c">
      <Filter>Voice/Network</Filter>
    </ClCompile>
    <ClCompile Include="..\..\src\hearthstone-voicechat\network_unixselect.c">
      <Filter>Voice/Network</Filter>
    </ClCompile>
    <ClCompile Include="..\..\src\hearthstone-voicechat\network_win32.c">
      <Filter>Voice/Network</Filter>
    </ClCompile>
    <ClCompile Include="..\..\src\hearthstone-voicechat\voice_channel.c">
      <Filter>Voice/Network</Filter>
    </ClCompile>
    <ClCompile Include="..\..\src\hearthstone-voicechat\voice_socket.c">
      <Filter>Voice/Network</Filter>
    </ClCompile>
    <ClCompile Include="..\..\src\hearthstone-voicechat\log.c">
      <Filter>Log</Filter>
    </ClCompile>
    <ClCompile Include="..\..\src\hearthstone-voicechat\launcher.c">
      <Filter>Config</Filter>
    </ClCompile>
  </ItemGroup>
  <ItemGroup>
    <ClInclude Include="..\..\src\hearthstone-voicechat\configfile.h">
      <Filter>Config</Filter>
    </ClInclude>
    <ClInclude Include="..\..\src\hearthstone-voicechat\hearthstone_opcodes.h">
      <Filter>Opcode/Socket/Packet</Filter>
    </ClInclude>
    <ClInclude Include="..\..\src\hearthstone-voicechat\hearthstone_packet.h">
      <Filter>Opcode/Socket/Packet</Filter>
    </ClInclude>
    <ClInclude Include="..\..\src\hearthstone-voicechat\network.h">
      <Filter>Voice/Network</Filter>
    </ClInclude>
    <ClInclude Include="..\..\src\hearthstone-voicechat\network_handlers.h">
      <Filter>Voice/Network</Filter>
    </ClInclude>
    <ClInclude Include="..\..\src\hearthstone-voicechat\voice_channel.h">
      <Filter>Voice/Network</Filter>
    </ClInclude>
    <ClInclude Include="..\..\src\hearthstone-voicechat\voice_channelmgr.h">
      <Filter>Voice/Network</Filter>
    </ClInclude>
    <ClInclude Include="..\..\src\hearthstone-voicechat\log.h">
      <Filter>Log</Filter>
    </ClInclude>
    <ClInclude Include="..\..\src\hearthstone-voicechat\common.h">
      <Filter>Opcode/Socket/Packet</Filter>
    </ClInclude>
    <ClInclude Include="..\..\src\hearthstone-voicechat\linkedlist.h">
      <Filter>Opcode/Socket/Packet</Filter>
    </ClInclude>
    <ClInclude Include="..\..\src\hearthstone-voicechat\mutex.h">
      <Filter>Opcode/Socket/Packet</Filter>
    </ClInclude>
  </ItemGroup>
</Project>