Microsoft Visual Studio Solution File, Format Version 11.00
# Visual Studio 2010
Project("{FAE04EC0-301F-11D3-BF4B-00C04F79EFBC}") = "MPQE - 2010", "MPQE - 2010.csproj", "{F05F45FA-A236-404E-9DEE-DFBC5A1593D5}"
EndProject
Global
	GlobalSection(SolutionConfigurationPlatforms) = preSolution
		Debug|Any CPU = Debug|Any CPU
		Release|Any CPU = Release|Any CPU
	EndGlobalSection
	GlobalSection(ProjectConfigurationPlatforms) = postSolution
		{F05F45FA-A236-404E-9DEE-DFBC5A1593D5}.Debug|Any CPU.ActiveCfg = Debug|Any CPU
		{F05F45FA-A236-404E-9DEE-DFBC5A1593D5}.Debug|Any CPU.Build.0 = Debug|Any CPU
		{F05F45FA-A236-404E-9DEE-DFBC5A1593D5}.Release|Any CPU.ActiveCfg = Release|Any CPU
		{F05F45FA-A236-404E-9DEE-DFBC5A1593D5}.Release|Any CPU.Build.0 = Release|Any CPU
	EndGlobalSection
	GlobalSection(SolutionProperties) = preSolution
		HideSolutionNode = FALSE
	EndGlobalSection
EndGlobal
