<?xml version="1.0" encoding="utf-8"?>
<Project ToolsVersion="4.0" xmlns="http://schemas.microsoft.com/developer/msbuild/2003">
  <ItemGroup>
    <Filter Include="Database">
      <UniqueIdentifier>{8a2dec0e-e535-4235-b1c4-952f5e12a3bf}</UniqueIdentifier>
    </Filter>
    <Filter Include="Database\DataStores">
      <UniqueIdentifier>{0356bbc0-3183-401d-9fd6-7a8e4c3a2892}</UniqueIdentifier>
    </Filter>
    <Filter Include="Config">
      <UniqueIdentifier>{cbc0620f-85dc-472e-b862-5b9878f35db4}</UniqueIdentifier>
    </Filter>
    <Filter Include="Auth">
      <UniqueIdentifier>{9606e10b-4fb9-49d5-8cf5-271605399095}</UniqueIdentifier>
    </Filter>
    <Filter Include="Network">
      <UniqueIdentifier>{7785582f-616c-4d5d-a022-1ddcc4ea6935}</UniqueIdentifier>
    </Filter>
    <Filter Include="Threading">
      <UniqueIdentifier>{85b58e81-b811-452e-ba41-067b0bfac62d}</UniqueIdentifier>
    </Filter>
    <Filter Include="Threading\ThreadPool">
      <UniqueIdentifier>{63b45804-8e57-4321-bb55-a59a4e5043cc}</UniqueIdentifier>
    </Filter>
    <Filter Include="Util">
      <UniqueIdentifier>{d28b618b-18f0-4303-a3db-5e09332dbf2c}</UniqueIdentifier>
    </Filter>
    <Filter Include="Util\Log">
      <UniqueIdentifier>{dfddec50-b664-42ca-ba8f-27d81e6cdef8}</UniqueIdentifier>
    </Filter>
    <Filter Include="Collision">
      <UniqueIdentifier>{922f8f74-60cf-49df-ad9b-f6350774144d}</UniqueIdentifier>
    </Filter>
    <Filter Include="Collision\vmap">
      <UniqueIdentifier>{a7614073-f567-49f0-b000-2af77ed4c408}</UniqueIdentifier>
    </Filter>
    <Filter Include="Collision\g3dlite">
      <UniqueIdentifier>{04ebc3f7-16c2-4bf3-bf26-03d8a3fcb594}</UniqueIdentifier>
    </Filter>
    <Filter Include="Collision\g3dlite\G3D">
      <UniqueIdentifier>{b2f7fda9-ef35-4e00-8bd4-1db2cb67c1e2}</UniqueIdentifier>
    </Filter>
  </ItemGroup>
  <ItemGroup>
    <ClCompile Include="..\..\src\hearthstone-shared\Database\Database.cpp">
      <Filter>Database</Filter>
    </ClCompile>
    <ClCompile Include="..\..\src\hearthstone-shared\Database\dbcfile.cpp">
      <Filter>Database</Filter>
    </ClCompile>
    <ClCompile Include="..\..\src\hearthstone-shared\Database\DBC.cpp">
      <Filter>Database\DataStores</Filter>
    </ClCompile>
    <ClCompile Include="..\..\src\hearthstone-shared\Database\DBCStores.cpp">
      <Filter>Database\DataStores</Filter>
    </ClCompile>
    <ClCompile Include="..\..\src\hearthstone-shared\Config\Config.cpp">
      <Filter>Config</Filter>
    </ClCompile>
    <ClCompile Include="..\..\src\hearthstone-shared\Auth\BigNumber.cpp">
      <Filter>Auth</Filter>
    </ClCompile>
    <ClCompile Include="..\..\src\hearthstone-shared\crc32.cpp">
      <Filter>Auth</Filter>
    </ClCompile>
    <ClCompile Include="..\..\src\hearthstone-shared\hashmap.cpp">
      <Filter>Auth</Filter>
    </ClCompile>
    <ClCompile Include="..\..\src\hearthstone-shared\Auth\HMAC.cpp">
      <Filter>Auth</Filter>
    </ClCompile>
    <ClCompile Include="..\..\src\hearthstone-shared\Auth\MD5.cpp">
      <Filter>Auth</Filter>
    </ClCompile>
    <ClCompile Include="..\..\src\hearthstone-shared\Auth\Sha1.cpp">
      <Filter>Auth</Filter>
    </ClCompile>
    <ClCompile Include="..\..\src\hearthstone-shared\Auth\WowCrypt.cpp">
      <Filter>Auth</Filter>
    </ClCompile>
    <ClCompile Include="..\..\src\hearthstone-shared\Network\CircularBuffer.cpp">
      <Filter>Network</Filter>
    </ClCompile>
    <ClCompile Include="..\..\src\hearthstone-shared\Network\Socket.cpp">
      <Filter>Network</Filter>
    </ClCompile>
    <ClCompile Include="..\..\src\hearthstone-shared\Network\SocketMgrWin32.cpp">
      <Filter>Network</Filter>
    </ClCompile>
    <ClCompile Include="..\..\src\hearthstone-shared\Network\SocketOpsWin32.cpp">
      <Filter>Network</Filter>
    </ClCompile>
    <ClCompile Include="..\..\src\hearthstone-shared\Network\SocketWin32.cpp">
      <Filter>Network</Filter>
    </ClCompile>
    <ClCompile Include="..\..\src\hearthstone-shared\Threading\Mutex.cpp">
      <Filter>Threading</Filter>
    </ClCompile>
    <ClCompile Include="..\..\src\hearthstone-shared\Threading\ThreadPool.cpp">
      <Filter>Threading\ThreadPool</Filter>
    </ClCompile>
    <ClCompile Include="..\..\src\hearthstone-shared\CallBack.cpp">
      <Filter>Util</Filter>
    </ClCompile>
    <ClCompile Include="..\..\src\hearthstone-shared\CrashHandler.cpp">
      <Filter>Util</Filter>
    </ClCompile>
    <ClCompile Include="..\..\src\hearthstone-shared\hearthstone_getopt.cpp">
      <Filter>Util</Filter>
    </ClCompile>
    <ClCompile Include="..\..\src\hearthstone-shared\MemoryLeaks.cpp">
      <Filter>Util</Filter>
    </ClCompile>
    <ClCompile Include="..\..\src\hearthstone-shared\MersenneTwister.cpp">
      <Filter>Util</Filter>
    </ClCompile>
    <ClCompile Include="..\..\src\hearthstone-shared\StackWalker.cpp">
      <Filter>Util</Filter>
    </ClCompile>
    <ClCompile Include="..\..\src\hearthstone-shared\Util.cpp">
      <Filter>Util</Filter>
    </ClCompile>
    <ClCompile Include="..\..\src\hearthstone-shared\Log.cpp">
      <Filter>Util\Log</Filter>
    </ClCompile>
    <ClCompile Include="..\..\src\hearthstone-shared\Collision\Interface.cpp">
      <Filter>Collision</Filter>
    </ClCompile>
    <ClCompile Include="..\..\src\hearthstone-shared\Collision\vmap\BaseModel.cpp">
      <Filter>Collision\vmap</Filter>
    </ClCompile>
    <ClCompile Include="..\..\src\hearthstone-shared\Collision\vmap\CoordModelMapping.cpp">
      <Filter>Collision\vmap</Filter>
    </ClCompile>
    <ClCompile Include="..\..\src\hearthstone-shared\Collision\vmap\ManagedModelContainer.cpp">
      <Filter>Collision\vmap</Filter>
    </ClCompile>
    <ClCompile Include="..\..\src\hearthstone-shared\Collision\vmap\ModelContainer.cpp">
      <Filter>Collision\vmap</Filter>
    </ClCompile>
    <ClCompile Include="..\..\src\hearthstone-shared\Collision\vmap\SubModel.cpp">
      <Filter>Collision\vmap</Filter>
    </ClCompile>
    <ClCompile Include="..\..\src\hearthstone-shared\Collision\vmap\TileAssembler.cpp">
      <Filter>Collision\vmap</Filter>
    </ClCompile>
    <ClCompile Include="..\..\src\hearthstone-shared\Collision\vmap\TreeNode.cpp">
      <Filter>Collision\vmap</Filter>
    </ClCompile>
    <ClCompile Include="..\..\src\hearthstone-shared\Collision\vmap\VMapManager.cpp">
      <Filter>Collision\vmap</Filter>
    </ClCompile>
    <ClCompile Include="..\..\src\hearthstone-shared\Collision\g3dlite\AABox.cpp">
      <Filter>Collision\g3dlite</Filter>
    </ClCompile>
    <ClCompile Include="..\..\src\hearthstone-shared\Collision\g3dlite\Box.cpp">
      <Filter>Collision\g3dlite</Filter>
    </ClCompile>
    <ClCompile Include="..\..\src\hearthstone-shared\Collision\g3dlite\Crypto.cpp">
      <Filter>Collision\g3dlite</Filter>
    </ClCompile>
    <ClCompile Include="..\..\src\hearthstone-shared\Collision\g3dlite\format.cpp">
      <Filter>Collision\g3dlite</Filter>
    </ClCompile>
    <ClCompile Include="..\..\src\hearthstone-shared\Collision\g3dlite\Matrix3.cpp">
      <Filter>Collision\g3dlite</Filter>
    </ClCompile>
    <ClCompile Include="..\..\src\hearthstone-shared\Collision\g3dlite\Plane.cpp">
      <Filter>Collision\g3dlite</Filter>
    </ClCompile>
    <ClCompile Include="..\..\src\hearthstone-shared\Collision\g3dlite\System.cpp">
      <Filter>Collision\g3dlite</Filter>
    </ClCompile>
    <ClCompile Include="..\..\src\hearthstone-shared\Collision\g3dlite\Triangle.cpp">
      <Filter>Collision\g3dlite</Filter>
    </ClCompile>
    <ClCompile Include="..\..\src\hearthstone-shared\Collision\g3dlite\Vector3.cpp">
      <Filter>Collision\g3dlite</Filter>
    </ClCompile>
    <ClCompile Include="..\..\src\hearthstone-shared\Collision\g3dlite\Vector4.cpp">
      <Filter>Collision\g3dlite</Filter>
    </ClCompile>
    <ClCompile Include="..\..\src\hearthstone-shared\BufferPool.cpp" />
  </ItemGroup>
  <ItemGroup>
    <ClInclude Include="..\..\src\hearthstone-shared\Database\Database.h">
      <Filter>Database</Filter>
    </ClInclude>
    <ClInclude Include="..\..\src\hearthstone-shared\Database\DatabaseEnv.h">
      <Filter>Database</Filter>
    </ClInclude>
    <ClInclude Include="..\..\src\hearthstone-shared\Database\dbcfile.h">
      <Filter>Database</Filter>
    </ClInclude>
    <ClInclude Include="..\..\src\hearthstone-shared\Database\Field.h">
      <Filter>Database</Filter>
    </ClInclude>
    <ClInclude Include="..\..\src\hearthstone-shared\Database\DataStore.h">
      <Filter>Database\DataStores</Filter>
    </ClInclude>
    <ClInclude Include="..\..\src\hearthstone-shared\Database\DBC.h">
      <Filter>Database\DataStores</Filter>
    </ClInclude>
    <ClInclude Include="..\..\src\hearthstone-shared\Database\DBCStores.h">
      <Filter>Database\DataStores</Filter>
    </ClInclude>
    <ClInclude Include="..\..\src\hearthstone-shared\Config\Config.h">
      <Filter>Config</Filter>
    </ClInclude>
    <ClInclude Include="..\..\src\hearthstone-shared\Config\ConfigEnv.h">
      <Filter>Config</Filter>
    </ClInclude>
    <ClInclude Include="..\..\src\hearthstone-shared\Auth\AuthPacketKey.h">
      <Filter>Auth</Filter>
    </ClInclude>
    <ClInclude Include="..\..\src\hearthstone-shared\Auth\BigNumber.h">
      <Filter>Auth</Filter>
    </ClInclude>
    <ClInclude Include="..\..\src\hearthstone-shared\crc32.h">
      <Filter>Auth</Filter>
    </ClInclude>
    <ClInclude Include="..\..\src\hearthstone-shared\hashmap.h">
      <Filter>Auth</Filter>
    </ClInclude>
    <ClInclude Include="..\..\src\hearthstone-shared\Auth\HMAC.h">
      <Filter>Auth</Filter>
    </ClInclude>
    <ClInclude Include="..\..\src\hearthstone-shared\Auth\MD5.h">
      <Filter>Auth</Filter>
    </ClInclude>
    <ClInclude Include="..\..\src\hearthstone-shared\Auth\Sha1.h">
      <Filter>Auth</Filter>
    </ClInclude>
    <ClInclude Include="..\..\src\hearthstone-shared\Auth\WowCrypt.h">
      <Filter>Auth</Filter>
    </ClInclude>
    <ClInclude Include="..\..\src\hearthstone-shared\Network\CircularBuffer.h">
      <Filter>Network</Filter>
    </ClInclude>
    <ClInclude Include="..\..\src\hearthstone-shared\Network\ListenSocketWin32.h">
      <Filter>Network</Filter>
    </ClInclude>
    <ClInclude Include="..\..\src\hearthstone-shared\Network\Network.h">
      <Filter>Network</Filter>
    </ClInclude>
    <ClInclude Include="..\..\src\hearthstone-shared\Network\Socket.h">
      <Filter>Network</Filter>
    </ClInclude>
    <ClInclude Include="..\..\src\hearthstone-shared\Network\SocketDefines.h">
      <Filter>Network</Filter>
    </ClInclude>
    <ClInclude Include="..\..\src\hearthstone-shared\Network\SocketMgrWin32.h">
      <Filter>Network</Filter>
    </ClInclude>
    <ClInclude Include="..\..\src\hearthstone-shared\Network\SocketOps.h">
      <Filter>Network</Filter>
    </ClInclude>
    <ClInclude Include="..\..\src\hearthstone-shared\Threading\Condition.h">
      <Filter>Threading</Filter>
    </ClInclude>
    <ClInclude Include="..\..\src\hearthstone-shared\CThreads.h">
      <Filter>Threading</Filter>
    </ClInclude>
    <ClInclude Include="..\..\src\hearthstone-shared\Threading\Guard.h">
      <Filter>Threading</Filter>
    </ClInclude>
    <ClInclude Include="..\..\src\hearthstone-shared\Threading\LockedQueue.h">
      <Filter>Threading</Filter>
    </ClInclude>
    <ClInclude Include="..\..\src\hearthstone-shared\Threading\Mutex.h">
      <Filter>Threading</Filter>
    </ClInclude>
    <ClInclude Include="..\..\src\hearthstone-shared\Threading\Queue.h">
      <Filter>Threading</Filter>
    </ClInclude>
    <ClInclude Include="..\..\src\hearthstone-shared\Threading\RWLock.h">
      <Filter>Threading</Filter>
    </ClInclude>
    <ClInclude Include="..\..\src\hearthstone-shared\Threading\Threading.h">
      <Filter>Threading</Filter>
    </ClInclude>
    <ClInclude Include="..\..\src\hearthstone-shared\Threading\ThreadStarter.h">
      <Filter>Threading</Filter>
    </ClInclude>
    <ClInclude Include="..\..\src\hearthstone-shared\Threading\ThreadPool.h">
      <Filter>Threading\ThreadPool</Filter>
    </ClInclude>
    <ClInclude Include="..\..\src\hearthstone-shared\ByteBuffer.h">
      <Filter>Util</Filter>
    </ClInclude>
    <ClInclude Include="..\..\src\hearthstone-shared\CallBack.h">
      <Filter>Util</Filter>
    </ClInclude>
    <ClInclude Include="..\..\src\hearthstone-shared\CrashHandler.h">
      <Filter>Util</Filter>
    </ClInclude>
    <ClInclude Include="..\..\src\hearthstone-shared\Errors.h">
      <Filter>Util</Filter>
    </ClInclude>
    <ClInclude Include="..\..\src\hearthstone-shared\hearthstone_getopt.h">
      <Filter>Util</Filter>
    </ClInclude>
    <ClInclude Include="..\..\src\hearthstone-shared\LocationVector.h">
      <Filter>Util</Filter>
    </ClInclude>
    <ClInclude Include="..\..\src\hearthstone-shared\MemoryLeaks.h">
      <Filter>Util</Filter>
    </ClInclude>
    <ClInclude Include="..\..\src\hearthstone-shared\MersenneTwister.h">
      <Filter>Util</Filter>
    </ClInclude>
    <ClInclude Include="..\..\src\logonserver\PeriodicFunctionCall_Thread.h">
      <Filter>Util</Filter>
    </ClInclude>
    <ClInclude Include="..\..\src\hearthstone-shared\PreallocatedQueue.h">
      <Filter>Util</Filter>
    </ClInclude>
    <ClInclude Include="..\..\src\hearthstone-shared\Singleton.h">
      <Filter>Util</Filter>
    </ClInclude>
    <ClInclude Include="..\..\src\hearthstone-shared\StackBuffer.h">
      <Filter>Util</Filter>
    </ClInclude>
    <ClInclude Include="..\..\src\hearthstone-shared\StackWalker.h">
      <Filter>Util</Filter>
    </ClInclude>
    <ClInclude Include="..\..\src\hearthstone-shared\Timer.h">
      <Filter>Util</Filter>
    </ClInclude>
    <ClInclude Include="..\..\src\hearthstone-shared\Util.h">
      <Filter>Util</Filter>
    </ClInclude>
    <ClInclude Include="..\..\src\hearthstone-shared\WoWGuid.h">
      <Filter>Util</Filter>
    </ClInclude>
    <ClInclude Include="..\..\src\hearthstone-shared\Log.h">
      <Filter>Util\Log</Filter>
    </ClInclude>
    <ClInclude Include="..\..\src\hearthstone-shared\NGLog.h">
      <Filter>Util\Log</Filter>
    </ClInclude>
    <ClInclude Include="..\..\src\hearthstone-shared\Collision\LocationVector.h">
      <Filter>Collision</Filter>
    </ClInclude>
    <ClInclude Include="..\..\src\hearthstone-shared\Collision\vmap\AABSPTree.h">
      <Filter>Collision\vmap</Filter>
    </ClInclude>
    <ClInclude Include="..\..\src\hearthstone-shared\Collision\vmap\BaseModel.h">
      <Filter>Collision\vmap</Filter>
    </ClInclude>
    <ClInclude Include="..\..\src\hearthstone-shared\Collision\vmap\CoordModelMapping.h">
      <Filter>Collision\vmap</Filter>
    </ClInclude>
    <ClInclude Include="..\..\src\hearthstone-shared\Collision\vmap\IVMapManager.h">
      <Filter>Collision\vmap</Filter>
    </ClInclude>
    <ClInclude Include="..\..\src\hearthstone-shared\Collision\vmap\ManagedModelContainer.h">
      <Filter>Collision\vmap</Filter>
    </ClInclude>
    <ClInclude Include="..\..\src\hearthstone-shared\Collision\vmap\ModelContainer.h">
      <Filter>Collision\vmap</Filter>
    </ClInclude>
    <ClInclude Include="..\..\src\hearthstone-shared\Collision\vmap\NodeValueAccess.h">
      <Filter>Collision\vmap</Filter>
    </ClInclude>
    <ClInclude Include="..\..\src\hearthstone-shared\Collision\vmap\RayIntersectionIterator.h">
      <Filter>Collision\vmap</Filter>
    </ClInclude>
    <ClInclude Include="..\..\src\hearthstone-shared\Collision\vmap\ShortBox.h">
      <Filter>Collision\vmap</Filter>
    </ClInclude>
    <ClInclude Include="..\..\src\hearthstone-shared\Collision\vmap\ShortVector.h">
      <Filter>Collision\vmap</Filter>
    </ClInclude>
    <ClInclude Include="..\..\src\hearthstone-shared\Collision\vmap\SubModel.h">
      <Filter>Collision\vmap</Filter>
    </ClInclude>
    <ClInclude Include="..\..\src\hearthstone-shared\Collision\vmap\TileAssembler.h">
      <Filter>Collision\vmap</Filter>
    </ClInclude>
    <ClInclude Include="..\..\src\hearthstone-shared\Collision\vmap\TreeNode.h">
      <Filter>Collision\vmap</Filter>
    </ClInclude>
    <ClInclude Include="..\..\src\hearthstone-shared\Collision\vmap\VMapManager.h">
      <Filter>Collision\vmap</Filter>
    </ClInclude>
    <ClInclude Include="..\..\src\hearthstone-shared\Collision\g3dlite\G3D\AABox.h">
      <Filter>Collision\g3dlite\G3D</Filter>
    </ClInclude>
    <ClInclude Include="..\..\src\hearthstone-shared\Collision\g3dlite\G3D\Array.h">
      <Filter>Collision\g3dlite\G3D</Filter>
    </ClInclude>
    <ClInclude Include="..\..\src\hearthstone-shared\Collision\g3dlite\G3D\Box.h">
      <Filter>Collision\g3dlite\G3D</Filter>
    </ClInclude>
    <ClInclude Include="..\..\src\hearthstone-shared\Collision\g3dlite\G3D\CollisionDetection.h">
      <Filter>Collision\g3dlite\G3D</Filter>
    </ClInclude>
    <ClInclude Include="..\..\src\hearthstone-shared\Collision\g3dlite\G3D\CoordinateFrame.h">
      <Filter>Collision\g3dlite\G3D</Filter>
    </ClInclude>
    <ClInclude Include="..\..\src\hearthstone-shared\Collision\g3dlite\G3D\Crypto.h">
      <Filter>Collision\g3dlite\G3D</Filter>
    </ClInclude>
    <ClInclude Include="..\..\src\hearthstone-shared\Collision\g3dlite\G3D\debug.h">
      <Filter>Collision\g3dlite\G3D</Filter>
    </ClInclude>
    <ClInclude Include="..\..\src\hearthstone-shared\Collision\g3dlite\G3D\format.h">
      <Filter>Collision\g3dlite\G3D</Filter>
    </ClInclude>
    <ClInclude Include="..\..\src\hearthstone-shared\Collision\g3dlite\G3D\g3dmath.h">
      <Filter>Collision\g3dlite\G3D</Filter>
    </ClInclude>
    <ClInclude Include="..\..\src\hearthstone-shared\Collision\g3dlite\G3D\GCamera.h">
      <Filter>Collision\g3dlite\G3D</Filter>
    </ClInclude>
    <ClInclude Include="..\..\src\hearthstone-shared\Collision\g3dlite\G3D\Line.h">
      <Filter>Collision\g3dlite\G3D</Filter>
    </ClInclude>
    <ClInclude Include="..\..\src\hearthstone-shared\Collision\g3dlite\G3D\Matrix3.h">
      <Filter>Collision\g3dlite\G3D</Filter>
    </ClInclude>
    <ClInclude Include="..\..\src\hearthstone-shared\Collision\g3dlite\G3D\Plane.h">
      <Filter>Collision\g3dlite\G3D</Filter>
    </ClInclude>
    <ClInclude Include="..\..\src\hearthstone-shared\Collision\g3dlite\G3D\platform.h">
      <Filter>Collision\g3dlite\G3D</Filter>
    </ClInclude>
    <ClInclude Include="..\..\src\hearthstone-shared\Collision\g3dlite\G3D\Quat.h">
      <Filter>Collision\g3dlite\G3D</Filter>
    </ClInclude>
    <ClInclude Include="..\..\src\hearthstone-shared\Collision\g3dlite\G3D\Ray.h">
      <Filter>Collision\g3dlite\G3D</Filter>
    </ClInclude>
    <ClInclude Include="..\..\src\hearthstone-shared\Collision\g3dlite\G3D\RegistryUtil.h">
      <Filter>Collision\g3dlite\G3D</Filter>
    </ClInclude>
    <ClInclude Include="..\..\src\hearthstone-shared\Collision\g3dlite\G3D\Sphere.h">
      <Filter>Collision\g3dlite\G3D</Filter>
    </ClInclude>
    <ClInclude Include="..\..\src\hearthstone-shared\Collision\g3dlite\G3D\stringutils.h">
      <Filter>Collision\g3dlite\G3D</Filter>
    </ClInclude>
    <ClInclude Include="..\..\src\hearthstone-shared\Collision\g3dlite\G3D\System.h">
      <Filter>Collision\g3dlite\G3D</Filter>
    </ClInclude>
    <ClInclude Include="..\..\src\hearthstone-shared\Collision\g3dlite\G3D\Table.h">
      <Filter>Collision\g3dlite\G3D</Filter>
    </ClInclude>
    <ClInclude Include="..\..\src\hearthstone-shared\Collision\g3dlite\G3D\Triangle.h">
      <Filter>Collision\g3dlite\G3D</Filter>
    </ClInclude>
    <ClInclude Include="..\..\src\hearthstone-shared\Collision\g3dlite\G3D\Vector2.h">
      <Filter>Collision\g3dlite\G3D</Filter>
    </ClInclude>
    <ClInclude Include="..\..\src\hearthstone-shared\Collision\g3dlite\G3D\Vector2int16.h">
      <Filter>Collision\g3dlite\G3D</Filter>
    </ClInclude>
    <ClInclude Include="..\..\src\hearthstone-shared\Collision\g3dlite\G3D\Vector3.h">
      <Filter>Collision\g3dlite\G3D</Filter>
    </ClInclude>
    <ClInclude Include="..\..\src\hearthstone-shared\Collision\g3dlite\G3D\Vector3int16.h">
      <Filter>Collision\g3dlite\G3D</Filter>
    </ClInclude>
    <ClInclude Include="..\..\src\hearthstone-shared\Collision\g3dlite\G3D\Vector4.h">
      <Filter>Collision\g3dlite\G3D</Filter>
    </ClInclude>
    <ClInclude Include="..\..\src\hearthstone-shared\AuthCodes.h" />
    <ClInclude Include="..\..\src\hearthstone-shared\BufferPool.h" />
    <ClInclude Include="..\..\src\hearthstone-shared\Common.h" />
    <ClInclude Include="..\..\src\hearthstone-shared\FastQueue.h" />
    <ClInclude Include="..\..\src\hearthstone-shared\hearthstoneConfig.h" />
    <ClInclude Include="..\..\src\hearthstone-shared\SharedPtr.h" />
    <ClInclude Include="..\..\src\hearthstone-shared\Storage.h" />
  </ItemGroup>
  <ItemGroup>
    <None Include="..\..\src\hearthstone-shared\Collision\g3dlite\G3D\g3dmath.inl">
      <Filter>Collision\g3dlite\G3D</Filter>
    </None>
    <None Include="..\..\src\hearthstone-shared\Collision\g3dlite\G3D\Quat.inl">
      <Filter>Collision\g3dlite\G3D</Filter>
    </None>
    <None Include="..\..\src\hearthstone-shared\Collision\g3dlite\G3D\Vector2.inl">
      <Filter>Collision\g3dlite\G3D</Filter>
    </None>
    <None Include="..\..\src\hearthstone-shared\Collision\g3dlite\G3D\Vector3.inl">
      <Filter>Collision\g3dlite\G3D</Filter>
    </None>
    <None Include="..\..\src\hearthstone-shared\Collision\g3dlite\G3D\Vector4.inl">
      <Filter>Collision\g3dlite\G3D</Filter>
    </None>
  </ItemGroup>
</Project>