<?xml version="1.0" encoding="utf-8"?>
<Project ToolsVersion="4.0" xmlns="http://schemas.microsoft.com/developer/msbuild/2003">
  <ItemGroup>
    <Filter Include="Main Resources">
      <UniqueIdentifier>{4FC737F1-C7A5-4376-A066-2A32D752A2FF}</UniqueIdentifier>
      <Extensions>cpp;c;cxx;def;odl;idl;hpj;bat;asm;asmx</Extensions>
    </Filter>
    <Filter Include="Main Resources\Base Class">
      <UniqueIdentifier>{89e48781-c223-4665-8d8d-fe7ac64ec670}</UniqueIdentifier>
    </Filter>
    <Filter Include="Main Resources\Setup">
      <UniqueIdentifier>{adb0a664-cf65-479d-ad95-fe05aad2433a}</UniqueIdentifier>
    </Filter>
    <Filter Include="Main Resources\Instance Base Class">
      <UniqueIdentifier>{fb7727ef-1ff0-4276-a79a-f2a4e87fe95d}</UniqueIdentifier>
    </Filter>
    <Filter Include="Scripts">
      <UniqueIdentifier>{276a4497-e9da-4ed8-8070-56a597ad3c3e}</UniqueIdentifier>
    </Filter>
    <Filter Include="Scripts\Classic">
      <UniqueIdentifier>{ba466af9-6d53-4aa0-a657-520cdf1d0c48}</UniqueIdentifier>
    </Filter>
    <Filter Include="Scripts\Classic\Raids">
      <UniqueIdentifier>{947fb7a1-4e7d-4a76-a15c-d7e602ba78f8}</UniqueIdentifier>
    </Filter>
    <Filter Include="Scripts\Classic\Raids\Blackwing Lair">
      <UniqueIdentifier>{a47d5620-f0a5-4d80-9c82-216ea3444cb7}</UniqueIdentifier>
    </Filter>
    <Filter Include="Scripts\Classic\Raids\Molten Core">
      <UniqueIdentifier>{ec814a45-f1e3-42c7-b277-0e9bfedc5277}</UniqueIdentifier>
    </Filter>
    <Filter Include="Scripts\Classic\Raids\Ruins of Ahn%27Qiraj">
      <UniqueIdentifier>{407b4b5f-f22f-4421-ae1a-b79ed0504d72}</UniqueIdentifier>
    </Filter>
    <Filter Include="Scripts\Classic\Raids\Zul%27Gurub">
      <UniqueIdentifier>{65901a9b-a4c1-448d-b5c8-0414e2c09d4d}</UniqueIdentifier>
    </Filter>
    <Filter Include="Scripts\Classic\Raids\Temple of Ahn%27Qiraj">
      <UniqueIdentifier>{9b7a0695-3f89-412a-a6ec-a04f948ecd2d}</UniqueIdentifier>
    </Filter>
    <Filter Include="Scripts\Classic\Instances">
      <UniqueIdentifier>{cada95b9-6dbc-439f-b1c9-034a4bbb78ec}</UniqueIdentifier>
    </Filter>
    <Filter Include="Scripts\Classic\Instances\Blackfathom Deeps">
      <UniqueIdentifier>{8550d32d-d1fb-48ec-a5b9-7f76250dac3b}</UniqueIdentifier>
    </Filter>
    <Filter Include="Scripts\Classic\Instances\Maraudon">
      <UniqueIdentifier>{b2ce14f2-cb93-4758-bfc6-9c9e97b2de8e}</UniqueIdentifier>
    </Filter>
    <Filter Include="Scripts\Classic\Instances\Blackrock Depths">
      <UniqueIdentifier>{8cab9b8c-b3b4-454f-80a4-22185d7e210c}</UniqueIdentifier>
    </Filter>
    <Filter Include="Scripts\Classic\Instances\Blackrock Spire">
      <UniqueIdentifier>{8e5e69eb-57a0-49ab-b74c-80cae1653fac}</UniqueIdentifier>
    </Filter>
    <Filter Include="Scripts\Classic\Instances\Dire Maul">
      <UniqueIdentifier>{bef13920-4f26-4a74-a077-a28d35d15c1a}</UniqueIdentifier>
    </Filter>
    <Filter Include="Scripts\Classic\Instances\Gnomeregan">
      <UniqueIdentifier>{cb02e1de-ea27-4e2d-af29-051066f4a07a}</UniqueIdentifier>
    </Filter>
    <Filter Include="Scripts\Classic\Instances\Zul%27Farrak">
      <UniqueIdentifier>{e9e94228-8568-4125-aa2c-e7974c99bc49}</UniqueIdentifier>
    </Filter>
    <Filter Include="Scripts\Classic\Instances\Ragefire Chasm">
      <UniqueIdentifier>{102b9706-6e98-447e-ad0e-cebf04128736}</UniqueIdentifier>
    </Filter>
    <Filter Include="Scripts\Classic\Instances\Wailing Caverns">
      <UniqueIdentifier>{c2074295-691f-46b9-b1e6-c2fb674d650a}</UniqueIdentifier>
    </Filter>
    <Filter Include="Scripts\Classic\Instances\Uldaman">
      <UniqueIdentifier>{cc910f07-7137-4d5f-8ddd-dd95aefd4411}</UniqueIdentifier>
    </Filter>
    <Filter Include="Scripts\Classic\Instances\The Stockade">
      <UniqueIdentifier>{078bb11a-231d-4955-80be-58a330a5d7a4}</UniqueIdentifier>
    </Filter>
    <Filter Include="Scripts\Classic\Instances\The Deadmines">
      <UniqueIdentifier>{4171f4f5-3f48-4da5-9612-7befb8444b03}</UniqueIdentifier>
    </Filter>
    <Filter Include="Scripts\Classic\Instances\Sunken Temple">
      <UniqueIdentifier>{ee7a2be0-cae9-48ea-b44e-60d7554e0a71}</UniqueIdentifier>
    </Filter>
    <Filter Include="Scripts\Classic\Instances\Stratholme">
      <UniqueIdentifier>{43ba95cd-12e3-4aeb-a565-3089c94de0f3}</UniqueIdentifier>
    </Filter>
    <Filter Include="Scripts\Classic\Instances\Shadowfang Keep">
      <UniqueIdentifier>{96789706-dd9f-4a43-941d-a62146556cff}</UniqueIdentifier>
    </Filter>
    <Filter Include="Scripts\Classic\Instances\Scholomance">
      <UniqueIdentifier>{e3f41cbf-0e66-4f1f-892d-c3c59347d436}</UniqueIdentifier>
    </Filter>
    <Filter Include="Scripts\Classic\Instances\Scarlet Monastery">
      <UniqueIdentifier>{8c45d84c-8b76-4213-ad4f-98a0e48dd9d9}</UniqueIdentifier>
    </Filter>
    <Filter Include="Scripts\Classic\Instances\Razorfen Kraul">
      <UniqueIdentifier>{b3608849-55f2-42f0-a2e9-5e59ed990a27}</UniqueIdentifier>
    </Filter>
    <Filter Include="Scripts\Classic\Instances\Razorfen Downs">
      <UniqueIdentifier>{f50e241b-cae4-4706-b657-55de6ad2f002}</UniqueIdentifier>
    </Filter>
    <Filter Include="Scripts\The Burning Crusade">
      <UniqueIdentifier>{3682dbef-6680-4238-9d44-02fa5234a217}</UniqueIdentifier>
    </Filter>
    <Filter Include="Scripts\The Burning Crusade\Auchindoun">
      <UniqueIdentifier>{ec0790b8-bd7f-4f21-98e3-9a93bd7845a9}</UniqueIdentifier>
    </Filter>
    <Filter Include="Scripts\The Burning Crusade\Auchindoun\SethekkHalls">
      <UniqueIdentifier>{7b8e996e-b414-4f21-a68f-61664fd1766e}</UniqueIdentifier>
    </Filter>
    <Filter Include="Scripts\The Burning Crusade\Auchindoun\AuchenaiCrypts">
      <UniqueIdentifier>{bbbfcde6-6e1a-452e-ab12-f86c9cb20d76}</UniqueIdentifier>
    </Filter>
    <Filter Include="Scripts\The Burning Crusade\Auchindoun\ManaTombs">
      <UniqueIdentifier>{36b8fb39-8e1f-427a-955d-a4dad4151430}</UniqueIdentifier>
    </Filter>
    <Filter Include="Scripts\The Burning Crusade\Auchindoun\ShadowLabyrinth">
      <UniqueIdentifier>{3cd0a652-228d-41d4-9350-5373f2722eaf}</UniqueIdentifier>
    </Filter>
    <Filter Include="Scripts\The Burning Crusade\Zul%27Aman">
      <UniqueIdentifier>{7273d3c8-4672-4ef9-8cc8-260d54ac7259}</UniqueIdentifier>
    </Filter>
    <Filter Include="Scripts\The Burning Crusade\Black Temple">
      <UniqueIdentifier>{2cee5af8-77bd-4f99-8dce-e784d4f5ffa1}</UniqueIdentifier>
    </Filter>
    <Filter Include="Scripts\The Burning Crusade\Caverns of Time">
      <UniqueIdentifier>{7ffa34b7-135c-4069-a90d-a2c903922c9f}</UniqueIdentifier>
    </Filter>
    <Filter Include="Scripts\The Burning Crusade\Caverns of Time\Old Hillsbrad Foothills">
      <UniqueIdentifier>{52057448-f2ce-4c91-b0b8-51565cc0d358}</UniqueIdentifier>
    </Filter>
    <Filter Include="Scripts\The Burning Crusade\Caverns of Time\The Black Morass">
      <UniqueIdentifier>{c499a628-5d6b-4800-aceb-cfb8ae9dd03d}</UniqueIdentifier>
    </Filter>
    <Filter Include="Scripts\The Burning Crusade\Caverns of Time\Hyjal Summit">
      <UniqueIdentifier>{abd1c988-cb9d-4d37-95d3-7a3ac69d156f}</UniqueIdentifier>
    </Filter>
    <Filter Include="Scripts\The Burning Crusade\Coilfang Reservoir">
      <UniqueIdentifier>{9ad52a85-e9df-42fd-aa10-5e5f699a1ea8}</UniqueIdentifier>
    </Filter>
    <Filter Include="Scripts\The Burning Crusade\Coilfang Reservoir\The Slave Pens">
      <UniqueIdentifier>{287d028d-3e01-47d9-8073-c64ab25275d2}</UniqueIdentifier>
    </Filter>
    <Filter Include="Scripts\The Burning Crusade\Coilfang Reservoir\The Steamvault">
      <UniqueIdentifier>{3c0376f9-5eed-461b-a018-e5ed9ef4a98c}</UniqueIdentifier>
    </Filter>
    <Filter Include="Scripts\The Burning Crusade\Coilfang Reservoir\The Underbog">
      <UniqueIdentifier>{f98deea1-ed2c-45c5-b9f7-4c72139b1af9}</UniqueIdentifier>
    </Filter>
    <Filter Include="Scripts\The Burning Crusade\Coilfang Reservoir\Serpentshrine Cavern">
      <UniqueIdentifier>{438acc49-9732-4c39-b2c2-310f49e8dbf2}</UniqueIdentifier>
    </Filter>
    <Filter Include="Scripts\The Burning Crusade\Gruul%27s Lair">
      <UniqueIdentifier>{3f9c27f7-2a13-41e2-bf6f-71400f942c6b}</UniqueIdentifier>
    </Filter>
    <Filter Include="Scripts\The Burning Crusade\Hellfire Citadel">
      <UniqueIdentifier>{8ac99837-6dbd-40a1-81d1-e203fcf533cc}</UniqueIdentifier>
    </Filter>
    <Filter Include="Scripts\The Burning Crusade\Hellfire Citadel\Hellfire Ramparts">
      <UniqueIdentifier>{04e0d584-f3e2-4981-885d-2ec563a97862}</UniqueIdentifier>
    </Filter>
    <Filter Include="Scripts\The Burning Crusade\Hellfire Citadel\The Blood Furnace">
      <UniqueIdentifier>{c945ab0a-733b-411e-be06-935c49f12660}</UniqueIdentifier>
    </Filter>
    <Filter Include="Scripts\The Burning Crusade\Hellfire Citadel\The Shattered Halls">
      <UniqueIdentifier>{feb81ab3-aebb-4530-babf-897653649f2f}</UniqueIdentifier>
    </Filter>
    <Filter Include="Scripts\The Burning Crusade\Hellfire Citadel\Magtheridon%27s Lair">
      <UniqueIdentifier>{7fe6979b-5c0f-4635-aaaf-94d8b506aa51}</UniqueIdentifier>
    </Filter>
    <Filter Include="Scripts\The Burning Crusade\Karazhan">
      <UniqueIdentifier>{2d5766a0-63e0-415c-8e6a-c207b28c290e}</UniqueIdentifier>
    </Filter>
    <Filter Include="Scripts\The Burning Crusade\Magisters%27 Terrace">
      <UniqueIdentifier>{c5f4a2d8-a27b-4fa1-a4f4-d67031d000fd}</UniqueIdentifier>
    </Filter>
    <Filter Include="Scripts\The Burning Crusade\Sunwell Plateau">
      <UniqueIdentifier>{c8e85f6f-d82c-4b3f-a301-8ad2b6539a4f}</UniqueIdentifier>
    </Filter>
    <Filter Include="Scripts\The Burning Crusade\Tempest Keep">
      <UniqueIdentifier>{f8b0921c-71a8-4edf-91a6-012433e0657c}</UniqueIdentifier>
    </Filter>
    <Filter Include="Scripts\The Burning Crusade\Tempest Keep\The Arcatraz">
      <UniqueIdentifier>{15b92f8c-326d-4f9a-9bbc-c2f90010d2e2}</UniqueIdentifier>
    </Filter>
    <Filter Include="Scripts\The Burning Crusade\Tempest Keep\The Eye">
      <UniqueIdentifier>{aac17188-ff6d-42bd-a209-ad67c4b5b841}</UniqueIdentifier>
    </Filter>
    <Filter Include="Scripts\The Burning Crusade\Tempest Keep\The Botanica">
      <UniqueIdentifier>{364a6dbc-8623-4592-b3e1-866a722c8f71}</UniqueIdentifier>
    </Filter>
    <Filter Include="Scripts\The Burning Crusade\Tempest Keep\The Mechanar">
      <UniqueIdentifier>{5045964a-68b1-44b8-a237-d29e036d20b5}</UniqueIdentifier>
    </Filter>
    <Filter Include="Scripts\The Lich King">
      <UniqueIdentifier>{8edad1fe-9373-4e05-9c48-25bee6691992}</UniqueIdentifier>
    </Filter>
    <Filter Include="Scripts\The Lich King\Azjol-Nerub">
      <UniqueIdentifier>{c2fc5154-fc90-4d86-ba29-36c77ff0e247}</UniqueIdentifier>
    </Filter>
    <Filter Include="Scripts\The Lich King\Azjol-Nerub\Ahn%27kahet: The Old Kingdom">
      <UniqueIdentifier>{01a4c964-e56c-4b46-8a4d-6bfd09627d8b}</UniqueIdentifier>
    </Filter>
    <Filter Include="Scripts\The Lich King\Azjol-Nerub\Azjol-Nerub">
      <UniqueIdentifier>{09ff72f8-ebe5-4ac0-bedd-b4c181d15aa2}</UniqueIdentifier>
    </Filter>
    <Filter Include="Scripts\The Lich King\The Nexus">
      <UniqueIdentifier>{02c021ab-a6f6-4525-b1d5-c76e8dfbbdae}</UniqueIdentifier>
    </Filter>
    <Filter Include="Scripts\The Lich King\The Nexus\The Nexus">
      <UniqueIdentifier>{4ad42e18-dc2a-4acf-9ac6-f5a2a5a4f13a}</UniqueIdentifier>
    </Filter>
    <Filter Include="Scripts\The Lich King\The Nexus\The Oculus">
      <UniqueIdentifier>{7902880f-77d9-4e4d-ba2c-2bf1aad5ffcc}</UniqueIdentifier>
    </Filter>
    <Filter Include="Scripts\The Lich King\The Nexus\The Eye of Eternity">
      <UniqueIdentifier>{53f6e0a0-7d30-4d6c-8c6b-0cdcf8618af0}</UniqueIdentifier>
    </Filter>
    <Filter Include="Scripts\The Lich King\Crusaders%27 Coliseum">
      <UniqueIdentifier>{6207832f-e275-43f5-add4-8c5836a5da5e}</UniqueIdentifier>
    </Filter>
    <Filter Include="Scripts\The Lich King\Crusaders%27 Coliseum\Trial of the Champion">
      <UniqueIdentifier>{c58303c1-f3a6-4916-840b-488efb6c8912}</UniqueIdentifier>
    </Filter>
    <Filter Include="Scripts\The Lich King\Crusaders%27 Coliseum\Trial of the Crusader">
      <UniqueIdentifier>{c82d1660-4b3b-4297-a2e2-a894070d2264}</UniqueIdentifier>
    </Filter>
    <Filter Include="Scripts\The Lich King\Icecrown Citadel">
      <UniqueIdentifier>{32b87da4-c42a-466c-ae47-9c9dd5b498ff}</UniqueIdentifier>
    </Filter>
    <Filter Include="Scripts\The Lich King\Icecrown Citadel\Halls of Reflection">
      <UniqueIdentifier>{0d2fb387-1bed-4f40-800a-2c2257102c1f}</UniqueIdentifier>
    </Filter>
    <Filter Include="Scripts\The Lich King\Icecrown Citadel\Pit of Saron">
      <UniqueIdentifier>{acdd5f30-5dea-4bde-a005-fbdc2f6d266d}</UniqueIdentifier>
    </Filter>
    <Filter Include="Scripts\The Lich King\Icecrown Citadel\The Forge of Souls">
      <UniqueIdentifier>{26c8b8ee-501e-4776-bf73-672e1eb4466c}</UniqueIdentifier>
    </Filter>
    <Filter Include="Scripts\The Lich King\Icecrown Citadel\Icecrown Citadel">
      <UniqueIdentifier>{e28bd808-c626-4f51-9c2a-cf84564ec31a}</UniqueIdentifier>
    </Filter>
    <Filter Include="Scripts\The Lich King\Drak%27Tharon Keep">
      <UniqueIdentifier>{f81c89d1-1531-4a8c-a881-c60832f4f85f}</UniqueIdentifier>
    </Filter>
    <Filter Include="Scripts\The Lich King\Gundrak">
      <UniqueIdentifier>{03b95ac2-1561-4050-8512-889fd4bf250d}</UniqueIdentifier>
    </Filter>
    <Filter Include="Scripts\The Lich King\Naxxramas">
      <UniqueIdentifier>{4fea6849-deb7-4662-8044-6c9c27947fa7}</UniqueIdentifier>
    </Filter>
    <Filter Include="Scripts\The Lich King\Wyrmrest Temple">
      <UniqueIdentifier>{d029ab1e-4a04-4c49-89fe-3dc906217165}</UniqueIdentifier>
    </Filter>
    <Filter Include="Scripts\The Lich King\Wyrmrest Temple\The Obsidian Sanctum">
      <UniqueIdentifier>{0dd7122a-4e29-44a3-98f9-2baadae32697}</UniqueIdentifier>
    </Filter>
    <Filter Include="Scripts\The Lich King\Wyrmrest Temple\The Ruby Sanctum">
      <UniqueIdentifier>{f9bc2edc-d649-4d8a-87bb-51140fad5972}</UniqueIdentifier>
    </Filter>
    <Filter Include="Scripts\The Lich King\Onyxia%27s Lair">
      <UniqueIdentifier>{179f9d6e-e726-49d2-bdde-3266dd080027}</UniqueIdentifier>
    </Filter>
    <Filter Include="Scripts\The Lich King\The Culling of Stratholme">
      <UniqueIdentifier>{386cf178-a1a7-48ad-a08c-58f0d406ad89}</UniqueIdentifier>
    </Filter>
    <Filter Include="Scripts\The Lich King\Utgarde Keep">
      <UniqueIdentifier>{8beb819d-e913-48dc-8bb0-55621d35f8da}</UniqueIdentifier>
    </Filter>
    <Filter Include="Scripts\The Lich King\Utgarde Keep\Utgarde Keep">
      <UniqueIdentifier>{abb6a27d-62dd-483f-906a-5c7c23206389}</UniqueIdentifier>
    </Filter>
    <Filter Include="Scripts\The Lich King\Utgarde Keep\Utgarde Pinnacle">
      <UniqueIdentifier>{c94419c2-a237-4d32-b4be-0549f541238c}</UniqueIdentifier>
    </Filter>
    <Filter Include="Scripts\The Lich King\Ulduar">
      <UniqueIdentifier>{b027d166-f569-4f34-a2b0-69c41a67a797}</UniqueIdentifier>
    </Filter>
    <Filter Include="Scripts\The Lich King\Ulduar\Halls of Lightning">
      <UniqueIdentifier>{23f1d03d-0757-43ef-9fd8-5177d39d930e}</UniqueIdentifier>
    </Filter>
    <Filter Include="Scripts\The Lich King\Ulduar\Halls of Stone">
      <UniqueIdentifier>{fd3e6aa2-43d6-4974-bff5-010a9be1995d}</UniqueIdentifier>
    </Filter>
    <Filter Include="Scripts\The Lich King\Ulduar\Ulduar">
      <UniqueIdentifier>{705431c1-dc76-4927-b586-b7f03d979a8a}</UniqueIdentifier>
    </Filter>
    <Filter Include="Scripts\The Lich King\The Violet Hold">
      <UniqueIdentifier>{394dc059-5902-4170-a815-43f105dbc722}</UniqueIdentifier>
    </Filter>
  </ItemGroup>
  <ItemGroup>
    <ClInclude Include="..\..\src\InstanceScripts\garbage.h">
      <Filter>Main Resources</Filter>
    </ClInclude>
    <ClInclude Include="..\..\src\InstanceScripts\ScriptStdAfx.h">
      <Filter>Main Resources</Filter>
    </ClInclude>
    <ClInclude Include="..\..\src\InstanceScripts\Setup.h">
      <Filter>Main Resources\Setup</Filter>
    </ClInclude>
    <ClInclude Include="..\..\src\InstanceScripts\TheOldKingdom\Instance_TheOldKingdom.h">
      <Filter>Scripts\The Lich King\Azjol-Nerub\Ahn%27kahet: The Old Kingdom</Filter>
    </ClInclude>
    <ClInclude Include="..\..\src\InstanceScripts\Naxxramas\Raid_Naxxramas.h">
      <Filter>Scripts\The Lich King\Naxxramas</Filter>
    </ClInclude>
    <ClInclude Include="..\..\src\InstanceScripts\TheRubySanctum\Raid_TheRubySanctum.h">
      <Filter>Scripts\The Lich King\Wyrmrest Temple\The Ruby Sanctum</Filter>
    </ClInclude>
    <ClInclude Include="..\..\src\InstanceScripts\OnyxiasLair\Raid_OnyxiasLair.h">
      <Filter>Scripts\The Lich King\Onyxia%27s Lair</Filter>
    </ClInclude>
    <ClInclude Include="..\..\src\InstanceScripts\Ulduar\Raid_Ulduar.h">
      <Filter>Scripts\The Lich King\Ulduar\Ulduar</Filter>
    </ClInclude>
    <ClInclude Include="..\..\src\InstanceScripts\MagistersTerrace\Magisters_Terrace_InstanceScript.h">
      <Filter>Scripts\The Burning Crusade\Magisters%27 Terrace</Filter>
    </ClInclude>
  </ItemGroup>
  <ItemGroup>
    <ClCompile Include="..\..\src\InstanceScripts\ScriptStdAfx.cpp">
      <Filter>Main Resources</Filter>
    </ClCompile>
    <ClCompile Include="..\..\src\Common\Base.cpp">
      <Filter>Main Resources\Base Class</Filter>
    </ClCompile>
    <ClCompile Include="..\..\src\InstanceScripts\Setup.cpp">
      <Filter>Main Resources\Setup</Filter>
    </ClCompile>
    <ClCompile Include="..\..\src\Common\Instance_Base.cpp">
      <Filter>Main Resources\Instance Base Class</Filter>
    </ClCompile>
    <ClCompile Include="..\..\src\InstanceScripts\WorldBosses\Raid_WorldBosses.cpp">
      <Filter>Scripts</Filter>
    </ClCompile>
    <ClCompile Include="..\..\src\InstanceScripts\BlackwingLair\Raid_BlackwingLair.cpp">
      <Filter>Scripts\Classic\Raids\Blackwing Lair</Filter>
    </ClCompile>
    <ClCompile Include="..\..\src\InstanceScripts\MoltenCore\Raid_MoltenCore.cpp">
      <Filter>Scripts\Classic\Raids\Molten Core</Filter>
    </ClCompile>
    <ClCompile Include="..\..\src\InstanceScripts\ZulGurub\Raid_ZulGurub.cpp">
      <Filter>Scripts\Classic\Raids\Zul%27Gurub</Filter>
    </ClCompile>
    <ClCompile Include="..\..\src\InstanceScripts\BlackfathomDeeps\Instance_BlackfathomDeeps.cpp">
      <Filter>Scripts\Classic\Instances\Blackfathom Deeps</Filter>
    </ClCompile>
    <ClCompile Include="..\..\src\InstanceScripts\Mauradon\Instance_Mauradon.cpp">
      <Filter>Scripts\Classic\Instances\Maraudon</Filter>
    </ClCompile>
    <ClCompile Include="..\..\src\InstanceScripts\BlackrockDepths\Instance_BlackrockDepths.cpp">
      <Filter>Scripts\Classic\Instances\Blackrock Depths</Filter>
    </ClCompile>
    <ClCompile Include="..\..\src\InstanceScripts\BlackrockSpire\Instance_BlackrockSpire.cpp">
      <Filter>Scripts\Classic\Instances\Blackrock Spire</Filter>
    </ClCompile>
    <ClCompile Include="..\..\src\InstanceScripts\DireMaul\Instance_DireMaul.cpp">
      <Filter>Scripts\Classic\Instances\Dire Maul</Filter>
    </ClCompile>
    <ClCompile Include="..\..\src\InstanceScripts\ZulFarrak\Instance_ZulFarrak.cpp">
      <Filter>Scripts\Classic\Instances\Zul%27Farrak</Filter>
    </ClCompile>
    <ClCompile Include="..\..\src\InstanceScripts\RagefireChasm\Instance_RagefireChasm.cpp">
      <Filter>Scripts\Classic\Instances\Ragefire Chasm</Filter>
    </ClCompile>
    <ClCompile Include="..\..\src\InstanceScripts\WailingCaverns\Instance_WailingCaverns.cpp">
      <Filter>Scripts\Classic\Instances\Wailing Caverns</Filter>
    </ClCompile>
    <ClCompile Include="..\..\src\InstanceScripts\Uldaman\Instance_Uldaman.cpp">
      <Filter>Scripts\Classic\Instances\Uldaman</Filter>
    </ClCompile>
    <ClCompile Include="..\..\src\InstanceScripts\TheStockade\Instance_TheStockade.cpp">
      <Filter>Scripts\Classic\Instances\The Stockade</Filter>
    </ClCompile>
    <ClCompile Include="..\..\src\InstanceScripts\Deadmine\Instance_Deadmines.cpp">
      <Filter>Scripts\Classic\Instances\The Deadmines</Filter>
    </ClCompile>
    <ClCompile Include="..\..\src\InstanceScripts\ShadowfangKeep\Instance_ShadowfangKeep.cpp">
      <Filter>Scripts\Classic\Instances\Shadowfang Keep</Filter>
    </ClCompile>
    <ClCompile Include="..\..\src\InstanceScripts\Scholomance\Instance_Scholomance.cpp">
      <Filter>Scripts\Classic\Instances\Scholomance</Filter>
    </ClCompile>
    <ClCompile Include="..\..\src\InstanceScripts\ScarletMonastery\Instance_ScarletMonastery.cpp">
      <Filter>Scripts\Classic\Instances\Scarlet Monastery</Filter>
    </ClCompile>
    <ClCompile Include="..\..\src\InstanceScripts\RazorfenDowns\Instance_RazorfenDowns.cpp">
      <Filter>Scripts\Classic\Instances\Razorfen Downs</Filter>
    </ClCompile>
    <ClCompile Include="..\..\src\InstanceScripts\SethekkHalls\Instance_SethekkHalls.cpp">
      <Filter>Scripts\The Burning Crusade\Auchindoun\SethekkHalls</Filter>
    </ClCompile>
    <ClCompile Include="..\..\src\InstanceScripts\AuchenaiCrypts\Instance_AuchenaiCrypts.cpp">
      <Filter>Scripts\The Burning Crusade\Auchindoun\AuchenaiCrypts</Filter>
    </ClCompile>
    <ClCompile Include="..\..\src\InstanceScripts\ManaTombs\Instance_ManaTombs.cpp">
      <Filter>Scripts\The Burning Crusade\Auchindoun\ManaTombs</Filter>
    </ClCompile>
    <ClCompile Include="..\..\src\InstanceScripts\ShadowLabyrinth\Instance_ShadowLabyrinth.cpp">
      <Filter>Scripts\The Burning Crusade\Auchindoun\ShadowLabyrinth</Filter>
    </ClCompile>
    <ClCompile Include="..\..\src\InstanceScripts\ZulAman\Raid_ZulAman.cpp">
      <Filter>Scripts\The Burning Crusade\Zul%27Aman</Filter>
    </ClCompile>
    <ClCompile Include="..\..\src\InstanceScripts\BlackTemple\Raid_BlackTemple.cpp">
      <Filter>Scripts\The Burning Crusade\Black Temple</Filter>
    </ClCompile>
    <ClCompile Include="..\..\src\InstanceScripts\BlackTemple\ShadeOfAkama.cpp">
      <Filter>Scripts\The Burning Crusade\Black Temple</Filter>
    </ClCompile>
    <ClCompile Include="..\..\src\InstanceScripts\OldHillsbradFoothills\Instance_OldHillsbradFoothills.cpp">
      <Filter>Scripts\The Burning Crusade\Caverns of Time\Old Hillsbrad Foothills</Filter>
    </ClCompile>
    <ClCompile Include="..\..\src\InstanceScripts\BlackMorass\Instance_BlackMorass.cpp">
      <Filter>Scripts\The Burning Crusade\Caverns of Time\The Black Morass</Filter>
    </ClCompile>
    <ClCompile Include="..\..\src\InstanceScripts\HyjalSummit\Raid_HyjalSummit.cpp">
      <Filter>Scripts\The Burning Crusade\Caverns of Time\Hyjal Summit</Filter>
    </ClCompile>
    <ClCompile Include="..\..\src\InstanceScripts\TheSlavePens\Instance_TheSlavePens.cpp">
      <Filter>Scripts\The Burning Crusade\Coilfang Reservoir\The Slave Pens</Filter>
    </ClCompile>
    <ClCompile Include="..\..\src\InstanceScripts\TheSteamvault\Instance_TheSteamvault.cpp">
      <Filter>Scripts\The Burning Crusade\Coilfang Reservoir\The Steamvault</Filter>
    </ClCompile>
    <ClCompile Include="..\..\src\InstanceScripts\TheUnderbog\Instance_TheUnderbog.cpp">
      <Filter>Scripts\The Burning Crusade\Coilfang Reservoir\The Underbog</Filter>
    </ClCompile>
    <ClCompile Include="..\..\src\InstanceScripts\SerpentshrineCavern\Raid_SerpentshrineCavern.cpp">
      <Filter>Scripts\The Burning Crusade\Coilfang Reservoir\Serpentshrine Cavern</Filter>
    </ClCompile>
    <ClCompile Include="..\..\src\InstanceScripts\GruulsLair\Raid_GruulsLair.cpp">
      <Filter>Scripts\The Burning Crusade\Gruul%27s Lair</Filter>
    </ClCompile>
    <ClCompile Include="..\..\src\InstanceScripts\HellfireRamparts\Instance_HellfireRamparts.cpp">
      <Filter>Scripts\The Burning Crusade\Hellfire Citadel\Hellfire Ramparts</Filter>
    </ClCompile>
    <ClCompile Include="..\..\src\InstanceScripts\BloodFurnace\Instance_BloodFurnace.cpp">
      <Filter>Scripts\The Burning Crusade\Hellfire Citadel\The Blood Furnace</Filter>
    </ClCompile>
    <ClCompile Include="..\..\src\InstanceScripts\TheShatteredHalls\Instance_TheShatteredHalls.cpp">
      <Filter>Scripts\The Burning Crusade\Hellfire Citadel\The Shattered Halls</Filter>
    </ClCompile>
    <ClCompile Include="..\..\src\InstanceScripts\MagtheridonsLair\Raid_MagtheridonsLair.cpp">
      <Filter>Scripts\The Burning Crusade\Hellfire Citadel\Magtheridon%27s Lair</Filter>
    </ClCompile>
    <ClCompile Include="..\..\src\InstanceScripts\Karazhan\Raid_Karazhan.cpp">
      <Filter>Scripts\The Burning Crusade\Karazhan</Filter>
    </ClCompile>
    <ClCompile Include="..\..\src\InstanceScripts\SunwellPlateau\Raid_SunwellPlateau.cpp">
      <Filter>Scripts\The Burning Crusade\Sunwell Plateau</Filter>
    </ClCompile>
    <ClCompile Include="..\..\src\InstanceScripts\Arcatraz\Instance_Arcatraz.cpp">
      <Filter>Scripts\The Burning Crusade\Tempest Keep\The Arcatraz</Filter>
    </ClCompile>
    <ClCompile Include="..\..\src\InstanceScripts\TheEye\Raid_TheEye.cpp">
      <Filter>Scripts\The Burning Crusade\Tempest Keep\The Eye</Filter>
    </ClCompile>
    <ClCompile Include="..\..\src\InstanceScripts\Botanica\Instance_Botanica.cpp">
      <Filter>Scripts\The Burning Crusade\Tempest Keep\The Botanica</Filter>
    </ClCompile>
    <ClCompile Include="..\..\src\InstanceScripts\TheMechanar\Instance_TheMechanar.cpp">
      <Filter>Scripts\The Burning Crusade\Tempest Keep\The Mechanar</Filter>
    </ClCompile>
    <ClCompile Include="..\..\src\InstanceScripts\TheOldKingdom\Instance_TheOldKingdom.cpp">
      <Filter>Scripts\The Lich King\Azjol-Nerub\Ahn%27kahet: The Old Kingdom</Filter>
    </ClCompile>
    <ClCompile Include="..\..\src\InstanceScripts\Azjol-Nerub\Instance_AzjolNerub.cpp">
      <Filter>Scripts\The Lich King\Azjol-Nerub\Azjol-Nerub</Filter>
    </ClCompile>
    <ClCompile Include="..\..\src\InstanceScripts\Nexus\Instance_Nexus.cpp">
      <Filter>Scripts\The Lich King\The Nexus\The Nexus</Filter>
    </ClCompile>
    <ClCompile Include="..\..\src\InstanceScripts\TheEyeofEternity\Raid_TheEyeofEternity.cpp">
      <Filter>Scripts\The Lich King\The Nexus\The Eye of Eternity</Filter>
    </ClCompile>
    <ClCompile Include="..\..\src\InstanceScripts\IcecrownCitadel\ICC_tele.cpp">
      <Filter>Scripts\The Lich King\Icecrown Citadel</Filter>
    </ClCompile>
    <ClCompile Include="..\..\src\InstanceScripts\DrakTharonKeep\Instance_DrakTharonKeep.cpp">
      <Filter>Scripts\The Lich King\Drak%27Tharon Keep</Filter>
    </ClCompile>
    <ClCompile Include="..\..\src\InstanceScripts\Naxxramas\Raid_Naxxramas.cpp">
      <Filter>Scripts\The Lich King\Naxxramas</Filter>
    </ClCompile>
    <ClCompile Include="..\..\src\InstanceScripts\TheObsidianSanctum\Raid_TheObsidianSanctum.cpp">
      <Filter>Scripts\The Lich King\Wyrmrest Temple\The Obsidian Sanctum</Filter>
    </ClCompile>
    <ClCompile Include="..\..\src\InstanceScripts\TheRubySanctum\Raid_TheRubySanctum.cpp">
      <Filter>Scripts\The Lich King\Wyrmrest Temple\The Ruby Sanctum</Filter>
    </ClCompile>
    <ClCompile Include="..\..\src\InstanceScripts\OnyxiasLair\Raid_OnyxiasLair.cpp">
      <Filter>Scripts\The Lich King\Onyxia%27s Lair</Filter>
    </ClCompile>
    <ClCompile Include="..\..\src\InstanceScripts\CullingOfStratholme\Instance_CullingOfStratholme.cpp">
      <Filter>Scripts\The Lich King\The Culling of Stratholme</Filter>
    </ClCompile>
    <ClCompile Include="..\..\src\InstanceScripts\UtgardeKeep\Instance_UtgardeKeep.cpp">
      <Filter>Scripts\The Lich King\Utgarde Keep\Utgarde Keep</Filter>
    </ClCompile>
    <ClCompile Include="..\..\src\InstanceScripts\HallsOfLightning\Instance_HallsOfLightning.cpp">
      <Filter>Scripts\The Lich King\Ulduar\Halls of Lightning</Filter>
    </ClCompile>
    <ClCompile Include="..\..\src\InstanceScripts\HallsOfStone\Instance_HallsOfStone.cpp">
      <Filter>Scripts\The Lich King\Ulduar\Halls of Stone</Filter>
    </ClCompile>
    <ClCompile Include="..\..\src\InstanceScripts\Ulduar\Raid_Ulduar.cpp">
      <Filter>Scripts\The Lich King\Ulduar\Ulduar</Filter>
    </ClCompile>
    <ClCompile Include="..\..\src\InstanceScripts\MagistersTerrace\Felblood_Kaelthas.cpp">
      <Filter>Scripts\The Burning Crusade\Magisters%27 Terrace</Filter>
    </ClCompile>
    <ClCompile Include="..\..\src\InstanceScripts\MagistersTerrace\Magisters_Terrace_InstanceScript.cpp">
      <Filter>Scripts\The Burning Crusade\Magisters%27 Terrace</Filter>
    </ClCompile>
    <ClCompile Include="..\..\src\InstanceScripts\MagistersTerrace\Priestess_Delrissa.cpp">
      <Filter>Scripts\The Burning Crusade\Magisters%27 Terrace</Filter>
    </ClCompile>
    <ClCompile Include="..\..\src\InstanceScripts\MagistersTerrace\Selin_Fireheart.cpp">
      <Filter>Scripts\The Burning Crusade\Magisters%27 Terrace</Filter>
    </ClCompile>
    <ClCompile Include="..\..\src\InstanceScripts\MagistersTerrace\Vexallus.cpp">
      <Filter>Scripts\The Burning Crusade\Magisters%27 Terrace</Filter>
    </ClCompile>
  </ItemGroup>
  <ItemGroup>
    <CustomBuildStep Include="..\..\src\Common\Base.h">
      <Filter>Main Resources\Base Class</Filter>
    </CustomBuildStep>
    <CustomBuildStep Include="..\..\src\Common\Instance_Base.h">
      <Filter>Main Resources\Instance Base Class</Filter>
    </CustomBuildStep>
  </ItemGroup>
</Project>