<?xml version="1.0" encoding="utf-8"?>
<Project ToolsVersion="4.0" xmlns="http://schemas.microsoft.com/developer/msbuild/2003">
  <ItemGroup>
    <Filter Include="Lua">
      <UniqueIdentifier>{c3beb227-8efe-47aa-8ca5-d0c3d2e989a7}</UniqueIdentifier>
    </Filter>
    <Filter Include="Functions">
      <UniqueIdentifier>{9e3632ef-d052-482f-bafe-6685b9b4ef51}</UniqueIdentifier>
    </Filter>
  </ItemGroup>
  <ItemGroup>
    <ClCompile Include="..\..\src\Lua\lua\lapi.c">
      <Filter>Lua</Filter>
    </ClCompile>
    <ClCompile Include="..\..\src\Lua\lua\lauxlib.c">
      <Filter>Lua</Filter>
    </ClCompile>
    <ClCompile Include="..\..\src\Lua\lua\lbaselib.c">
      <Filter>Lua</Filter>
    </ClCompile>
    <ClCompile Include="..\..\src\Lua\lua\lcode.c">
      <Filter>Lua</Filter>
    </ClCompile>
    <ClCompile Include="..\..\src\Lua\lua\ldblib.c">
      <Filter>Lua</Filter>
    </ClCompile>
    <ClCompile Include="..\..\src\Lua\lua\ldebug.c">
      <Filter>Lua</Filter>
    </ClCompile>
    <ClCompile Include="..\..\src\Lua\lua\ldo.c">
      <Filter>Lua</Filter>
    </ClCompile>
    <ClCompile Include="..\..\src\Lua\lua\ldump.c">
      <Filter>Lua</Filter>
    </ClCompile>
    <ClCompile Include="..\..\src\Lua\lua\lfunc.c">
      <Filter>Lua</Filter>
    </ClCompile>
    <ClCompile Include="..\..\src\Lua\lua\lgc.c">
      <Filter>Lua</Filter>
    </ClCompile>
    <ClCompile Include="..\..\src\Lua\lua\linit.c">
      <Filter>Lua</Filter>
    </ClCompile>
    <ClCompile Include="..\..\src\Lua\lua\liolib.c">
      <Filter>Lua</Filter>
    </ClCompile>
    <ClCompile Include="..\..\src\Lua\lua\llex.c">
      <Filter>Lua</Filter>
    </ClCompile>
    <ClCompile Include="..\..\src\Lua\lua\lmathlib.c">
      <Filter>Lua</Filter>
    </ClCompile>
    <ClCompile Include="..\..\src\Lua\lua\lmem.c">
      <Filter>Lua</Filter>
    </ClCompile>
    <ClCompile Include="..\..\src\Lua\lua\loadlib.c">
      <Filter>Lua</Filter>
    </ClCompile>
    <ClCompile Include="..\..\src\Lua\lua\lobject.c">
      <Filter>Lua</Filter>
    </ClCompile>
    <ClCompile Include="..\..\src\Lua\lua\lopcodes.c">
      <Filter>Lua</Filter>
    </ClCompile>
    <ClCompile Include="..\..\src\Lua\lua\loslib.c">
      <Filter>Lua</Filter>
    </ClCompile>
    <ClCompile Include="..\..\src\Lua\lua\lparser.c">
      <Filter>Lua</Filter>
    </ClCompile>
    <ClCompile Include="..\..\src\Lua\lua\lstate.c">
      <Filter>Lua</Filter>
    </ClCompile>
    <ClCompile Include="..\..\src\Lua\lua\lstring.c">
      <Filter>Lua</Filter>
    </ClCompile>
    <ClCompile Include="..\..\src\Lua\lua\lstrlib.c">
      <Filter>Lua</Filter>
    </ClCompile>
    <ClCompile Include="..\..\src\Lua\lua\ltable.c">
      <Filter>Lua</Filter>
    </ClCompile>
    <ClCompile Include="..\..\src\Lua\lua\ltablib.c">
      <Filter>Lua</Filter>
    </ClCompile>
    <ClCompile Include="..\..\src\Lua\lua\ltm.c">
      <Filter>Lua</Filter>
    </ClCompile>
    <ClCompile Include="..\..\src\Lua\lua\lundump.c">
      <Filter>Lua</Filter>
    </ClCompile>
    <ClCompile Include="..\..\src\Lua\lua\lvm.c">
      <Filter>Lua</Filter>
    </ClCompile>
    <ClCompile Include="..\..\src\Lua\lua\lzio.c">
      <Filter>Lua</Filter>
    </ClCompile>
    <ClCompile Include="..\..\src\Lua\lua\print.c">
      <Filter>Lua</Filter>
    </ClCompile>
    <ClCompile Include="..\..\src\Lua\LUAEngine.cpp" />
  </ItemGroup>
  <ItemGroup>
    <ClInclude Include="..\..\src\Lua\lua\lapi.h">
      <Filter>Lua</Filter>
    </ClInclude>
    <ClInclude Include="..\..\src\Lua\lua\lauxlib.h">
      <Filter>Lua</Filter>
    </ClInclude>
    <ClInclude Include="..\..\src\Lua\lua\lcode.h">
      <Filter>Lua</Filter>
    </ClInclude>
    <ClInclude Include="..\..\src\Lua\lua\ldebug.h">
      <Filter>Lua</Filter>
    </ClInclude>
    <ClInclude Include="..\..\src\Lua\lua\ldo.h">
      <Filter>Lua</Filter>
    </ClInclude>
    <ClInclude Include="..\..\src\Lua\lua\lfunc.h">
      <Filter>Lua</Filter>
    </ClInclude>
    <ClInclude Include="..\..\src\Lua\lua\lgc.h">
      <Filter>Lua</Filter>
    </ClInclude>
    <ClInclude Include="..\..\src\Lua\lua\llex.h">
      <Filter>Lua</Filter>
    </ClInclude>
    <ClInclude Include="..\..\src\Lua\lua\llimits.h">
      <Filter>Lua</Filter>
    </ClInclude>
    <ClInclude Include="..\..\src\Lua\lua\lmem.h">
      <Filter>Lua</Filter>
    </ClInclude>
    <ClInclude Include="..\..\src\Lua\lua\lobject.h">
      <Filter>Lua</Filter>
    </ClInclude>
    <ClInclude Include="..\..\src\Lua\lua\lopcodes.h">
      <Filter>Lua</Filter>
    </ClInclude>
    <ClInclude Include="..\..\src\Lua\lua\lparser.h">
      <Filter>Lua</Filter>
    </ClInclude>
    <ClInclude Include="..\..\src\Lua\lua\lstate.h">
      <Filter>Lua</Filter>
    </ClInclude>
    <ClInclude Include="..\..\src\Lua\lua\lstring.h">
      <Filter>Lua</Filter>
    </ClInclude>
    <ClInclude Include="..\..\src\Lua\lua\ltable.h">
      <Filter>Lua</Filter>
    </ClInclude>
    <ClInclude Include="..\..\src\Lua\lua\ltm.h">
      <Filter>Lua</Filter>
    </ClInclude>
    <ClInclude Include="..\..\src\Lua\lua\lua.h">
      <Filter>Lua</Filter>
    </ClInclude>
    <ClInclude Include="..\..\src\Lua\lua\luaconf.h">
      <Filter>Lua</Filter>
    </ClInclude>
    <ClInclude Include="..\..\src\Lua\lua\lualib.h">
      <Filter>Lua</Filter>
    </ClInclude>
    <ClInclude Include="..\..\src\Lua\lua\lundump.h">
      <Filter>Lua</Filter>
    </ClInclude>
    <ClInclude Include="..\..\src\Lua\lua\lvm.h">
      <Filter>Lua</Filter>
    </ClInclude>
    <ClInclude Include="..\..\src\Lua\lua\lzio.h">
      <Filter>Lua</Filter>
    </ClInclude>
    <ClInclude Include="..\..\src\Lua\Functions\FunctionAura.h">
      <Filter>Functions</Filter>
    </ClInclude>
    <ClInclude Include="..\..\src\Lua\Functions\FunctionGameObjects.h">
      <Filter>Functions</Filter>
    </ClInclude>
    <ClInclude Include="..\..\src\Lua\Functions\FunctionGlobal.h">
      <Filter>Functions</Filter>
    </ClInclude>
    <ClInclude Include="..\..\src\Lua\Functions\FunctionItems.h">
      <Filter>Functions</Filter>
    </ClInclude>
    <ClInclude Include="..\..\src\Lua\Functions\FunctionPacket.h">
      <Filter>Functions</Filter>
    </ClInclude>
    <ClInclude Include="..\..\src\Lua\Functions\FunctionSpell.h">
      <Filter>Functions</Filter>
    </ClInclude>
    <ClInclude Include="..\..\src\Lua\Functions\FunctionTaxi.h">
      <Filter>Functions</Filter>
    </ClInclude>
    <ClInclude Include="..\..\src\Lua\Functions\FunctionUnits.h">
      <Filter>Functions</Filter>
    </ClInclude>
    <ClInclude Include="..\..\src\Lua\Functions\LuaSqlApi.h">
      <Filter>Functions</Filter>
    </ClInclude>
    <ClInclude Include="..\..\src\Lua\LUAEngine.h" />
    <ClInclude Include="..\..\src\Lua\Functions\TableFunctions.h" />
  </ItemGroup>
</Project>