<?xml version="1.0" encoding="utf-8"?>
<Project ToolsVersion="4.0" xmlns="http://schemas.microsoft.com/developer/msbuild/2003">
  <ItemGroup>
    <Filter Include="Main Resources">
      <UniqueIdentifier>{4FC737F1-C7A5-4376-A066-2A32D752A2FF}</UniqueIdentifier>
      <Extensions>cpp;c;cxx;def;odl;idl;hpj;bat;asm;asmx</Extensions>
    </Filter>
    <Filter Include="Main Resources\Base">
      <UniqueIdentifier>{d2a3cbae-5e66-4454-8ffe-ba1877b85288}</UniqueIdentifier>
    </Filter>
    <Filter Include="Scripts">
      <UniqueIdentifier>{93995380-89BD-4b04-88EB-625FBE52EBFB}</UniqueIdentifier>
      <Extensions>h;hpp;hxx;hm;inl;inc;xsd</Extensions>
    </Filter>
    <Filter Include="Scripts\Misc">
      <UniqueIdentifier>{383b1302-dc5d-4af2-acbf-b2020a9949b4}</UniqueIdentifier>
    </Filter>
    <Filter Include="Scripts\Events">
      <UniqueIdentifier>{7598b78e-70a7-4642-9bdc-328430e2cb1c}</UniqueIdentifier>
    </Filter>
    <Filter Include="Scripts\Events\Dark Portal">
      <UniqueIdentifier>{f96b0c29-1d86-4de9-a341-14124354ddf7}</UniqueIdentifier>
    </Filter>
  </ItemGroup>
  <ItemGroup>
    <ClCompile Include="..\..\src\OtherScripts\ScriptStdAfx.cpp">
      <Filter>Main Resources</Filter>
    </ClCompile>
    <ClCompile Include="..\..\src\OtherScripts\Setup.cpp">
      <Filter>Main Resources</Filter>
    </ClCompile>
    <ClCompile Include="..\..\src\Common\Base.cpp">
      <Filter>Main Resources\Base</Filter>
    </ClCompile>
    <ClCompile Include="..\..\src\Common\Instance_Base.cpp">
      <Filter>Main Resources\Base</Filter>
    </ClCompile>
    <ClCompile Include="..\..\src\OtherScripts\NeutralGuards.cpp">
      <Filter>Scripts</Filter>
    </ClCompile>
    <ClCompile Include="..\..\src\OtherScripts\Miscellaneous\Creatures.cpp">
      <Filter>Scripts\Misc</Filter>
    </ClCompile>
    <ClCompile Include="..\..\src\OtherScripts\Miscellaneous\DarkmoonFaireObjects.cpp">
      <Filter>Scripts\Misc</Filter>
    </ClCompile>
    <ClCompile Include="..\..\src\OtherScripts\Miscellaneous\GameObjects.cpp">
      <Filter>Scripts\Misc</Filter>
    </ClCompile>
    <ClCompile Include="..\..\src\OtherScripts\Miscellaneous\QuelDanasPortal.cpp">
      <Filter>Scripts\Misc</Filter>
    </ClCompile>
    <ClCompile Include="..\..\src\OtherScripts\Miscellaneous\RandomScripts.cpp">
      <Filter>Scripts\Misc</Filter>
    </ClCompile>
    <ClCompile Include="..\..\src\OtherScripts\EventScripts\Halloween.cpp">
      <Filter>Scripts\Events</Filter>
    </ClCompile>
    <ClCompile Include="..\..\src\OtherScripts\EventScripts\WinterVeil.cpp">
      <Filter>Scripts\Events</Filter>
    </ClCompile>
    <ClCompile Include="..\..\src\OtherScripts\EventScripts\Event_DarkPortal.cpp">
      <Filter>Scripts\Events\Dark Portal</Filter>
    </ClCompile>
  </ItemGroup>
  <ItemGroup>
    <ClInclude Include="..\..\src\OtherScripts\ScriptStdAfx.h">
      <Filter>Main Resources</Filter>
    </ClInclude>
    <ClInclude Include="..\..\src\OtherScripts\Setup.h">
      <Filter>Main Resources</Filter>
    </ClInclude>
    <ClInclude Include="..\..\src\Common\Base.h">
      <Filter>Main Resources\Base</Filter>
    </ClInclude>
    <ClInclude Include="..\..\src\Common\EasyFunctions.h">
      <Filter>Main Resources\Base</Filter>
    </ClInclude>
    <ClInclude Include="..\..\src\Common\Instance_Base.h">
      <Filter>Main Resources\Base</Filter>
    </ClInclude>
    <ClInclude Include="..\..\src\OtherScripts\EventScripts\Event_DarkPortal.h">
      <Filter>Scripts\Events\Dark Portal</Filter>
    </ClInclude>
  </ItemGroup>
</Project>