<?xml version="1.0" encoding="utf-8"?>
<Project ToolsVersion="4.0" xmlns="http://schemas.microsoft.com/developer/msbuild/2003">
  <ItemGroup>
    <Filter Include="Lua">
      <UniqueIdentifier>{41fb6e48-8e93-455e-b5bd-dd0d8d14652e}</UniqueIdentifier>
    </Filter>
  </ItemGroup>
  <ItemGroup>
    <ClCompile Include="..\src\Lua\Lua\Lapi.c">
      <Filter>Lua</Filter>
    </ClCompile>
    <ClCompile Include="..\src\Lua\Lua\Lauxlib.c">
      <Filter>Lua</Filter>
    </ClCompile>
    <ClCompile Include="..\src\Lua\Lua\Lbaselib.c">
      <Filter>Lua</Filter>
    </ClCompile>
    <ClCompile Include="..\src\Lua\Lua\Lcode.c">
      <Filter>Lua</Filter>
    </ClCompile>
    <ClCompile Include="..\src\Lua\Lua\Ldblib.c">
      <Filter>Lua</Filter>
    </ClCompile>
    <ClCompile Include="..\src\Lua\Lua\Ldebug.c">
      <Filter>Lua</Filter>
    </ClCompile>
    <ClCompile Include="..\src\Lua\Lua\Ldo.c">
      <Filter>Lua</Filter>
    </ClCompile>
    <ClCompile Include="..\src\Lua\Lua\Ldump.c">
      <Filter>Lua</Filter>
    </ClCompile>
    <ClCompile Include="..\src\Lua\Lua\Lfunc.c">
      <Filter>Lua</Filter>
    </ClCompile>
    <ClCompile Include="..\src\Lua\Lua\Lgc.c">
      <Filter>Lua</Filter>
    </ClCompile>
    <ClCompile Include="..\src\Lua\Lua\Linit.c">
      <Filter>Lua</Filter>
    </ClCompile>
    <ClCompile Include="..\src\Lua\Lua\Liolib.c">
      <Filter>Lua</Filter>
    </ClCompile>
    <ClCompile Include="..\src\Lua\Lua\Llex.c">
      <Filter>Lua</Filter>
    </ClCompile>
    <ClCompile Include="..\src\Lua\Lua\Lloadlib.c">
      <Filter>Lua</Filter>
    </ClCompile>
    <ClCompile Include="..\src\Lua\Lua\Lmathlib.c">
      <Filter>Lua</Filter>
    </ClCompile>
    <ClCompile Include="..\src\Lua\Lua\Lmem.c">
      <Filter>Lua</Filter>
    </ClCompile>
    <ClCompile Include="..\src\Lua\Lua\Lobject.c">
      <Filter>Lua</Filter>
    </ClCompile>
    <ClCompile Include="..\src\Lua\Lua\Lopcodes.c">
      <Filter>Lua</Filter>
    </ClCompile>
    <ClCompile Include="..\src\Lua\Lua\Loslib.c">
      <Filter>Lua</Filter>
    </ClCompile>
    <ClCompile Include="..\src\Lua\Lua\Lparser.c">
      <Filter>Lua</Filter>
    </ClCompile>
    <ClCompile Include="..\src\Lua\Lua\Lstate.c">
      <Filter>Lua</Filter>
    </ClCompile>
    <ClCompile Include="..\src\Lua\Lua\Lstring.c">
      <Filter>Lua</Filter>
    </ClCompile>
    <ClCompile Include="..\src\Lua\Lua\Lstrlib.c">
      <Filter>Lua</Filter>
    </ClCompile>
    <ClCompile Include="..\src\Lua\Lua\Ltable.c">
      <Filter>Lua</Filter>
    </ClCompile>
    <ClCompile Include="..\src\Lua\Lua\Ltablib.c">
      <Filter>Lua</Filter>
    </ClCompile>
    <ClCompile Include="..\src\Lua\Lua\Ltm.c">
      <Filter>Lua</Filter>
    </ClCompile>
    <ClCompile Include="..\src\Lua\Lua\Lundump.c">
      <Filter>Lua</Filter>
    </ClCompile>
    <ClCompile Include="..\src\Lua\Lua\Lvm.c">
      <Filter>Lua</Filter>
    </ClCompile>
    <ClCompile Include="..\src\Lua\Lua\Lzio.c">
      <Filter>Lua</Filter>
    </ClCompile>
    <ClCompile Include="..\src\Lua\Lua\Print.c">
      <Filter>Lua</Filter>
    </ClCompile>
    <ClCompile Include="..\src\Lua\LUAEngine.cpp" />
  </ItemGroup>
  <ItemGroup>
    <ClInclude Include="..\src\Lua\Lua\Lapi.h">
      <Filter>Lua</Filter>
    </ClInclude>
    <ClInclude Include="..\src\Lua\Lua\Lauxlib.h">
      <Filter>Lua</Filter>
    </ClInclude>
    <ClInclude Include="..\src\Lua\Lua\Lcode.h">
      <Filter>Lua</Filter>
    </ClInclude>
    <ClInclude Include="..\src\Lua\Lua\Ldebug.h">
      <Filter>Lua</Filter>
    </ClInclude>
    <ClInclude Include="..\src\Lua\Lua\Ldo.h">
      <Filter>Lua</Filter>
    </ClInclude>
    <ClInclude Include="..\src\Lua\Lua\Lfunc.h">
      <Filter>Lua</Filter>
    </ClInclude>
    <ClInclude Include="..\src\Lua\Lua\Lgc.h">
      <Filter>Lua</Filter>
    </ClInclude>
    <ClInclude Include="..\src\Lua\Lua\Llex.h">
      <Filter>Lua</Filter>
    </ClInclude>
    <ClInclude Include="..\src\Lua\Lua\Llimits.h">
      <Filter>Lua</Filter>
    </ClInclude>
    <ClInclude Include="..\src\Lua\Lua\Lmem.h">
      <Filter>Lua</Filter>
    </ClInclude>
    <ClInclude Include="..\src\Lua\Lua\Lobject.h">
      <Filter>Lua</Filter>
    </ClInclude>
    <ClInclude Include="..\src\Lua\Lua\Lopcodes.h">
      <Filter>Lua</Filter>
    </ClInclude>
    <ClInclude Include="..\src\Lua\Lua\Lparser.h">
      <Filter>Lua</Filter>
    </ClInclude>
    <ClInclude Include="..\src\Lua\Lua\Lstate.h">
      <Filter>Lua</Filter>
    </ClInclude>
    <ClInclude Include="..\src\Lua\Lua\Lstring.h">
      <Filter>Lua</Filter>
    </ClInclude>
    <ClInclude Include="..\src\Lua\Lua\Ltable.h">
      <Filter>Lua</Filter>
    </ClInclude>
    <ClInclude Include="..\src\Lua\Lua\Ltm.h">
      <Filter>Lua</Filter>
    </ClInclude>
    <ClInclude Include="..\src\Lua\Lua\Lua.h">
      <Filter>Lua</Filter>
    </ClInclude>
    <ClInclude Include="..\src\Lua\Lua\Luaconf.h">
      <Filter>Lua</Filter>
    </ClInclude>
    <ClInclude Include="..\src\Lua\Lua\Lualib.h">
      <Filter>Lua</Filter>
    </ClInclude>
    <ClInclude Include="..\src\Lua\Lua\Lundump.h">
      <Filter>Lua</Filter>
    </ClInclude>
    <ClInclude Include="..\src\Lua\Lua\Lvm.h">
      <Filter>Lua</Filter>
    </ClInclude>
    <ClInclude Include="..\src\Lua\Lua\Lzio.h">
      <Filter>Lua</Filter>
    </ClInclude>
    <ClInclude Include="..\src\Lua\LUAEngine.h" />
    <ClInclude Include="..\src\Lua\LUAFunctions.h" />
  </ItemGroup>
</Project>