Microsoft Visual Studio Solution File, Format Version 11.00
# Visual Studio 2010
Project("{8BC9CEB8-8B4A-11D0-8D11-00A0C91BC942}") = "SunInstanceScripts", "VC100\InstanceScripts2010.vcxproj", "{EE39B48B-C598-4AAF-9EF0-199402933EE5}"
EndProject
Project("{8BC9CEB8-8B4A-11D0-8D11-00A0C91BC942}") = "ServerStatusPlugin", "VC100\ServerStatusPlugin2010.vcxproj", "{FF551ECC-D127-4997-8C5B-85D2CE3E7A53}"
EndProject
Project("{8BC9CEB8-8B4A-11D0-8D11-00A0C91BC942}") = "SunQuestScripts", "VC100\Quest2010.vcxproj", "{1A080CA7-D19A-4129-972C-89E816E6DEC0}"
EndProject
Project("{8BC9CEB8-8B4A-11D0-8D11-00A0C91BC942}") = "SunOtherScripts", "VC100\SunOther2010.vcxproj", "{495CDEBE-E216-485B-B2F1-2FC0BD9DAE7D}"
EndProject
Project("{8BC9CEB8-8B4A-11D0-8D11-00A0C91BC942}") = "SandshroudLua", "VC100\LUA2010.vcxproj", "{AEFCEECF-6839-4F1B-9317-70BF3EE09247}"
EndProject
Project("{8BC9CEB8-8B4A-11D0-8D11-00A0C91BC942}") = "CustomScripts", "VC100\CustomScripts.vcxproj", "{C57C8C12-E283-4C2E-8A74-1285587F5934}"
EndProject
Project("{8BC9CEB8-8B4A-11D0-8D11-00A0C91BC942}") = "SunQuestScripts", "VC100\WorldPvPScripts.vcxproj", "{4C1370F8-583C-49EC-842C-6074F78892BF}"
EndProject
Project("{8BC9CEB8-8B4A-11D0-8D11-00A0C91BC942}") = "SunGossipScripts", "VC100\GossipScripts.vcxproj", "{5E86E53F-6261-4372-A4FF-6D8B37156A29}"
EndProject
Global
	GlobalSection(SolutionConfigurationPlatforms) = preSolution
		Debug|Win32 = Debug|Win32
		Debug|x64 = Debug|x64
		Release|Win32 = Release|Win32
		Release|x64 = Release|x64
	EndGlobalSection
	GlobalSection(ProjectConfigurationPlatforms) = postSolution
		{EE39B48B-C598-4AAF-9EF0-199402933EE5}.Debug|Win32.ActiveCfg = Debug|Win32
		{EE39B48B-C598-4AAF-9EF0-199402933EE5}.Debug|Win32.Build.0 = Debug|Win32
		{EE39B48B-C598-4AAF-9EF0-199402933EE5}.Debug|x64.ActiveCfg = Debug|x64
		{EE39B48B-C598-4AAF-9EF0-199402933EE5}.Debug|x64.Build.0 = Debug|x64
		{EE39B48B-C598-4AAF-9EF0-199402933EE5}.Release|Win32.ActiveCfg = Release|Win32
		{EE39B48B-C598-4AAF-9EF0-199402933EE5}.Release|Win32.Build.0 = Release|Win32
		{EE39B48B-C598-4AAF-9EF0-199402933EE5}.Release|x64.ActiveCfg = Release|x64
		{EE39B48B-C598-4AAF-9EF0-199402933EE5}.Release|x64.Build.0 = Release|x64
		{FF551ECC-D127-4997-8C5B-85D2CE3E7A53}.Debug|Win32.ActiveCfg = Debug|Win32
		{FF551ECC-D127-4997-8C5B-85D2CE3E7A53}.Debug|Win32.Build.0 = Debug|Win32
		{FF551ECC-D127-4997-8C5B-85D2CE3E7A53}.Debug|x64.ActiveCfg = Debug|x64
		{FF551ECC-D127-4997-8C5B-85D2CE3E7A53}.Debug|x64.Build.0 = Debug|x64
		{FF551ECC-D127-4997-8C5B-85D2CE3E7A53}.Release|Win32.ActiveCfg = Release|Win32
		{FF551ECC-D127-4997-8C5B-85D2CE3E7A53}.Release|Win32.Build.0 = Release|Win32
		{FF551ECC-D127-4997-8C5B-85D2CE3E7A53}.Release|x64.ActiveCfg = Release|x64
		{FF551ECC-D127-4997-8C5B-85D2CE3E7A53}.Release|x64.Build.0 = Release|x64
		{1A080CA7-D19A-4129-972C-89E816E6DEC0}.Debug|Win32.ActiveCfg = Debug|Win32
		{1A080CA7-D19A-4129-972C-89E816E6DEC0}.Debug|Win32.Build.0 = Debug|Win32
		{1A080CA7-D19A-4129-972C-89E816E6DEC0}.Debug|x64.ActiveCfg = Debug|x64
		{1A080CA7-D19A-4129-972C-89E816E6DEC0}.Debug|x64.Build.0 = Debug|x64
		{1A080CA7-D19A-4129-972C-89E816E6DEC0}.Release|Win32.ActiveCfg = Release|Win32
		{1A080CA7-D19A-4129-972C-89E816E6DEC0}.Release|Win32.Build.0 = Release|Win32
		{1A080CA7-D19A-4129-972C-89E816E6DEC0}.Release|x64.ActiveCfg = Release|x64
		{1A080CA7-D19A-4129-972C-89E816E6DEC0}.Release|x64.Build.0 = Release|x64
		{495CDEBE-E216-485B-B2F1-2FC0BD9DAE7D}.Debug|Win32.ActiveCfg = Debug|Win32
		{495CDEBE-E216-485B-B2F1-2FC0BD9DAE7D}.Debug|Win32.Build.0 = Debug|Win32
		{495CDEBE-E216-485B-B2F1-2FC0BD9DAE7D}.Debug|x64.ActiveCfg = Debug|x64
		{495CDEBE-E216-485B-B2F1-2FC0BD9DAE7D}.Debug|x64.Build.0 = Debug|x64
		{495CDEBE-E216-485B-B2F1-2FC0BD9DAE7D}.Release|Win32.ActiveCfg = Release|Win32
		{495CDEBE-E216-485B-B2F1-2FC0BD9DAE7D}.Release|Win32.Build.0 = Release|Win32
		{495CDEBE-E216-485B-B2F1-2FC0BD9DAE7D}.Release|x64.ActiveCfg = Release|x64
		{495CDEBE-E216-485B-B2F1-2FC0BD9DAE7D}.Release|x64.Build.0 = Release|x64
		{AEFCEECF-6839-4F1B-9317-70BF3EE09247}.Debug|Win32.ActiveCfg = Debug|Win32
		{AEFCEECF-6839-4F1B-9317-70BF3EE09247}.Debug|Win32.Build.0 = Debug|Win32
		{AEFCEECF-6839-4F1B-9317-70BF3EE09247}.Debug|x64.ActiveCfg = Debug|x64
		{AEFCEECF-6839-4F1B-9317-70BF3EE09247}.Debug|x64.Build.0 = Debug|x64
		{AEFCEECF-6839-4F1B-9317-70BF3EE09247}.Release|Win32.ActiveCfg = Release|Win32
		{AEFCEECF-6839-4F1B-9317-70BF3EE09247}.Release|Win32.Build.0 = Release|Win32
		{AEFCEECF-6839-4F1B-9317-70BF3EE09247}.Release|x64.ActiveCfg = Release|x64
		{AEFCEECF-6839-4F1B-9317-70BF3EE09247}.Release|x64.Build.0 = Release|x64
		{C57C8C12-E283-4C2E-8A74-1285587F5934}.Debug|Win32.ActiveCfg = Debug|Win32
		{C57C8C12-E283-4C2E-8A74-1285587F5934}.Debug|Win32.Build.0 = Debug|Win32
		{C57C8C12-E283-4C2E-8A74-1285587F5934}.Debug|x64.ActiveCfg = Debug|x64
		{C57C8C12-E283-4C2E-8A74-1285587F5934}.Debug|x64.Build.0 = Debug|x64
		{C57C8C12-E283-4C2E-8A74-1285587F5934}.Release|Win32.ActiveCfg = Release|Win32
		{C57C8C12-E283-4C2E-8A74-1285587F5934}.Release|Win32.Build.0 = Release|Win32
		{C57C8C12-E283-4C2E-8A74-1285587F5934}.Release|x64.ActiveCfg = Release|x64
		{C57C8C12-E283-4C2E-8A74-1285587F5934}.Release|x64.Build.0 = Release|x64
		{4C1370F8-583C-49EC-842C-6074F78892BF}.Debug|Win32.ActiveCfg = Debug|Win32
		{4C1370F8-583C-49EC-842C-6074F78892BF}.Debug|Win32.Build.0 = Debug|Win32
		{4C1370F8-583C-49EC-842C-6074F78892BF}.Debug|x64.ActiveCfg = Debug|x64
		{4C1370F8-583C-49EC-842C-6074F78892BF}.Debug|x64.Build.0 = Debug|x64
		{4C1370F8-583C-49EC-842C-6074F78892BF}.Release|Win32.ActiveCfg = Release|Win32
		{4C1370F8-583C-49EC-842C-6074F78892BF}.Release|Win32.Build.0 = Release|Win32
		{4C1370F8-583C-49EC-842C-6074F78892BF}.Release|x64.ActiveCfg = Release|x64
		{4C1370F8-583C-49EC-842C-6074F78892BF}.Release|x64.Build.0 = Release|x64
		{5E86E53F-6261-4372-A4FF-6D8B37156A29}.Debug|Win32.ActiveCfg = Debug|Win32
		{5E86E53F-6261-4372-A4FF-6D8B37156A29}.Debug|Win32.Build.0 = Debug|Win32
		{5E86E53F-6261-4372-A4FF-6D8B37156A29}.Debug|x64.ActiveCfg = Debug|x64
		{5E86E53F-6261-4372-A4FF-6D8B37156A29}.Debug|x64.Build.0 = Debug|x64
		{5E86E53F-6261-4372-A4FF-6D8B37156A29}.Release|Win32.ActiveCfg = Release|Win32
		{5E86E53F-6261-4372-A4FF-6D8B37156A29}.Release|Win32.Build.0 = Release|Win32
		{5E86E53F-6261-4372-A4FF-6D8B37156A29}.Release|x64.ActiveCfg = Release|x64
		{5E86E53F-6261-4372-A4FF-6D8B37156A29}.Release|x64.Build.0 = Release|x64
	EndGlobalSection
	GlobalSection(SolutionProperties) = preSolution
		HideSolutionNode = FALSE
	EndGlobalSection
EndGlobal
