<?xml version="1.0" encoding="utf-8"?>
<Project ToolsVersion="4.0" xmlns="http://schemas.microsoft.com/developer/msbuild/2003">
  <ItemGroup>
    <Filter Include="Database">
      <UniqueIdentifier>{8f97127e-6c8a-44f3-95bc-a07812e84563}</UniqueIdentifier>
    </Filter>
    <Filter Include="Database\DataStores">
      <UniqueIdentifier>{94983602-530d-44a9-8220-896dfc61a116}</UniqueIdentifier>
    </Filter>
    <Filter Include="Config">
      <UniqueIdentifier>{ace45bb8-40e0-443b-9b09-7dfc88382dac}</UniqueIdentifier>
    </Filter>
    <Filter Include="Auth">
      <UniqueIdentifier>{fda491b1-3647-48e2-88e6-69b261717a78}</UniqueIdentifier>
    </Filter>
    <Filter Include="Network">
      <UniqueIdentifier>{7dd886fd-d40a-40c8-bc0b-5156df61497e}</UniqueIdentifier>
    </Filter>
    <Filter Include="Threading">
      <UniqueIdentifier>{b99c6e79-8f8d-423f-a287-eb0abc74855b}</UniqueIdentifier>
    </Filter>
    <Filter Include="Threading\ThreadPool">
      <UniqueIdentifier>{aaa7a339-2494-40fb-8530-1142525e87e9}</UniqueIdentifier>
    </Filter>
    <Filter Include="Util">
      <UniqueIdentifier>{3448382e-3f7e-401e-8a26-077491088a67}</UniqueIdentifier>
    </Filter>
    <Filter Include="Util\Log">
      <UniqueIdentifier>{2639bcf0-7158-46db-a34c-b18a6d46a7df}</UniqueIdentifier>
    </Filter>
  </ItemGroup>
  <ItemGroup>
    <ClCompile Include="..\..\src\onyx-shared\Database\Database.cpp">
      <Filter>Database</Filter>
    </ClCompile>
    <ClCompile Include="..\..\src\onyx-shared\Database\dbcfile.cpp">
      <Filter>Database</Filter>
    </ClCompile>
    <ClCompile Include="..\..\src\onyx-shared\Database\DBC.cpp">
      <Filter>Database\DataStores</Filter>
    </ClCompile>
    <ClCompile Include="..\..\src\onyx-shared\Database\DBCStores.cpp">
      <Filter>Database\DataStores</Filter>
    </ClCompile>
    <ClCompile Include="..\..\src\onyx-shared\Config\Config.cpp">
      <Filter>Config</Filter>
    </ClCompile>
    <ClCompile Include="..\..\src\onyx-shared\Auth\BigNumber.cpp">
      <Filter>Auth</Filter>
    </ClCompile>
    <ClCompile Include="..\..\src\onyx-shared\crc32.cpp">
      <Filter>Auth</Filter>
    </ClCompile>
    <ClCompile Include="..\..\src\onyx-shared\Auth\MD5.cpp">
      <Filter>Auth</Filter>
    </ClCompile>
    <ClCompile Include="..\..\src\onyx-shared\Auth\Sha1.cpp">
      <Filter>Auth</Filter>
    </ClCompile>
    <ClCompile Include="..\..\src\onyx-shared\Auth\WowCrypt.cpp">
      <Filter>Auth</Filter>
    </ClCompile>
    <ClCompile Include="..\..\src\onyx-shared\Network\CircularBuffer.cpp">
      <Filter>Network</Filter>
    </ClCompile>
    <ClCompile Include="..\..\src\onyx-shared\Network\Socket.cpp">
      <Filter>Network</Filter>
    </ClCompile>
    <ClCompile Include="..\..\src\onyx-shared\Network\SocketMgrWin32.cpp">
      <Filter>Network</Filter>
    </ClCompile>
    <ClCompile Include="..\..\src\onyx-shared\Network\SocketOpsWin32.cpp">
      <Filter>Network</Filter>
    </ClCompile>
    <ClCompile Include="..\..\src\onyx-shared\Network\SocketWin32.cpp">
      <Filter>Network</Filter>
    </ClCompile>
    <ClCompile Include="..\..\src\onyx-shared\Threading\Mutex.cpp">
      <Filter>Threading</Filter>
    </ClCompile>
    <ClCompile Include="..\..\src\onyx-shared\Threading\ThreadPool.cpp">
      <Filter>Threading\ThreadPool</Filter>
    </ClCompile>
    <ClCompile Include="..\..\src\onyx-shared\CallBack.cpp">
      <Filter>Util</Filter>
    </ClCompile>
    <ClCompile Include="..\..\src\onyx-shared\CrashHandler.cpp">
      <Filter>Util</Filter>
    </ClCompile>
    <ClCompile Include="..\..\src\onyx-shared\MemoryLeaks.cpp">
      <Filter>Util</Filter>
    </ClCompile>
    <ClCompile Include="..\..\src\onyx-shared\MersenneTwister.cpp">
      <Filter>Util</Filter>
    </ClCompile>
    <ClCompile Include="..\..\src\onyx-shared\onyx_getopt.cpp">
      <Filter>Util</Filter>
    </ClCompile>
    <ClCompile Include="..\..\src\onyx-shared\StackWalker.cpp">
      <Filter>Util</Filter>
    </ClCompile>
    <ClCompile Include="..\..\src\onyx-shared\Util.cpp">
      <Filter>Util</Filter>
    </ClCompile>
    <ClCompile Include="..\..\src\onyx-shared\Log.cpp">
      <Filter>Util\Log</Filter>
    </ClCompile>
    <ClCompile Include="..\..\src\onyx-shared\BufferPool.cpp" />
  </ItemGroup>
  <ItemGroup>
    <ClInclude Include="..\..\src\onyx-shared\Database\Database.h">
      <Filter>Database</Filter>
    </ClInclude>
    <ClInclude Include="..\..\src\onyx-shared\Database\DatabaseEnv.h">
      <Filter>Database</Filter>
    </ClInclude>
    <ClInclude Include="..\..\src\onyx-shared\Database\dbcfile.h">
      <Filter>Database</Filter>
    </ClInclude>
    <ClInclude Include="..\..\src\onyx-shared\Database\Field.h">
      <Filter>Database</Filter>
    </ClInclude>
    <ClInclude Include="..\..\src\onyx-shared\Database\DataStore.h">
      <Filter>Database\DataStores</Filter>
    </ClInclude>
    <ClInclude Include="..\..\src\onyx-shared\Database\DBC.h">
      <Filter>Database\DataStores</Filter>
    </ClInclude>
    <ClInclude Include="..\..\src\onyx-shared\Database\DBCStores.h">
      <Filter>Database\DataStores</Filter>
    </ClInclude>
    <ClInclude Include="..\..\src\onyx-shared\Config\Config.h">
      <Filter>Config</Filter>
    </ClInclude>
    <ClInclude Include="..\..\src\onyx-shared\Config\ConfigEnv.h">
      <Filter>Config</Filter>
    </ClInclude>
    <ClInclude Include="..\..\src\onyx-shared\Auth\AuthPacketKey.h">
      <Filter>Auth</Filter>
    </ClInclude>
    <ClInclude Include="..\..\src\onyx-shared\Auth\BigNumber.h">
      <Filter>Auth</Filter>
    </ClInclude>
    <ClInclude Include="..\..\src\onyx-shared\crc32.h">
      <Filter>Auth</Filter>
    </ClInclude>
    <ClInclude Include="..\..\src\onyx-shared\Auth\MD5.h">
      <Filter>Auth</Filter>
    </ClInclude>
    <ClInclude Include="..\..\src\onyx-shared\Auth\Sha1.h">
      <Filter>Auth</Filter>
    </ClInclude>
    <ClInclude Include="..\..\src\onyx-shared\Auth\WowCrypt.h">
      <Filter>Auth</Filter>
    </ClInclude>
    <ClInclude Include="..\..\src\onyx-shared\Network\CircularBuffer.h">
      <Filter>Network</Filter>
    </ClInclude>
    <ClInclude Include="..\..\src\onyx-shared\Network\ListenSocketWin32.h">
      <Filter>Network</Filter>
    </ClInclude>
    <ClInclude Include="..\..\src\onyx-shared\Network\Network.h">
      <Filter>Network</Filter>
    </ClInclude>
    <ClInclude Include="..\..\src\onyx-shared\Network\Socket.h">
      <Filter>Network</Filter>
    </ClInclude>
    <ClInclude Include="..\..\src\onyx-shared\Network\SocketDefines.h">
      <Filter>Network</Filter>
    </ClInclude>
    <ClInclude Include="..\..\src\onyx-shared\Network\SocketMgrWin32.h">
      <Filter>Network</Filter>
    </ClInclude>
    <ClInclude Include="..\..\src\onyx-shared\Network\SocketOps.h">
      <Filter>Network</Filter>
    </ClInclude>
    <ClInclude Include="..\..\src\onyx-shared\Threading\Condition.h">
      <Filter>Threading</Filter>
    </ClInclude>
    <ClInclude Include="..\..\src\onyx-shared\CThreads.h">
      <Filter>Threading</Filter>
    </ClInclude>
    <ClInclude Include="..\..\src\onyx-shared\Threading\Guard.h">
      <Filter>Threading</Filter>
    </ClInclude>
    <ClInclude Include="..\..\src\onyx-shared\Threading\LockedQueue.h">
      <Filter>Threading</Filter>
    </ClInclude>
    <ClInclude Include="..\..\src\onyx-shared\Threading\Mutex.h">
      <Filter>Threading</Filter>
    </ClInclude>
    <ClInclude Include="..\..\src\onyx-shared\Threading\Queue.h">
      <Filter>Threading</Filter>
    </ClInclude>
    <ClInclude Include="..\..\src\onyx-shared\Threading\RWLock.h">
      <Filter>Threading</Filter>
    </ClInclude>
    <ClInclude Include="..\..\src\onyx-shared\Threading\Threading.h">
      <Filter>Threading</Filter>
    </ClInclude>
    <ClInclude Include="..\..\src\onyx-shared\Threading\ThreadStarter.h">
      <Filter>Threading</Filter>
    </ClInclude>
    <ClInclude Include="..\..\src\onyx-shared\Threading\ThreadPool.h">
      <Filter>Threading\ThreadPool</Filter>
    </ClInclude>
    <ClInclude Include="..\..\src\onyx-shared\ByteBuffer.h">
      <Filter>Util</Filter>
    </ClInclude>
    <ClInclude Include="..\..\src\onyx-shared\CallBack.h">
      <Filter>Util</Filter>
    </ClInclude>
    <ClInclude Include="..\..\src\onyx-shared\CrashHandler.h">
      <Filter>Util</Filter>
    </ClInclude>
    <ClInclude Include="..\..\src\onyx-shared\Errors.h">
      <Filter>Util</Filter>
    </ClInclude>
    <ClInclude Include="..\..\src\onyx-shared\LocationVector.h">
      <Filter>Util</Filter>
    </ClInclude>
    <ClInclude Include="..\..\src\onyx-shared\MemoryLeaks.h">
      <Filter>Util</Filter>
    </ClInclude>
    <ClInclude Include="..\..\src\onyx-shared\MersenneTwister.h">
      <Filter>Util</Filter>
    </ClInclude>
    <ClInclude Include="..\..\src\onyx-shared\onyx_getopt.h">
      <Filter>Util</Filter>
    </ClInclude>
    <ClInclude Include="..\..\src\logonserver\PeriodicFunctionCall_Thread.h">
      <Filter>Util</Filter>
    </ClInclude>
    <ClInclude Include="..\..\src\onyx-shared\PreallocatedQueue.h">
      <Filter>Util</Filter>
    </ClInclude>
    <ClInclude Include="..\..\src\onyx-shared\Singleton.h">
      <Filter>Util</Filter>
    </ClInclude>
    <ClInclude Include="..\..\src\onyx-shared\StackBuffer.h">
      <Filter>Util</Filter>
    </ClInclude>
    <ClInclude Include="..\..\src\onyx-shared\StackWalker.h">
      <Filter>Util</Filter>
    </ClInclude>
    <ClInclude Include="..\..\src\onyx-shared\Timer.h">
      <Filter>Util</Filter>
    </ClInclude>
    <ClInclude Include="..\..\src\onyx-shared\Util.h">
      <Filter>Util</Filter>
    </ClInclude>
    <ClInclude Include="..\..\src\onyx-shared\WoWGuid.h">
      <Filter>Util</Filter>
    </ClInclude>
    <ClInclude Include="..\..\src\onyx-shared\Log.h">
      <Filter>Util\Log</Filter>
    </ClInclude>
    <ClInclude Include="..\..\src\onyx-shared\NGLog.h">
      <Filter>Util\Log</Filter>
    </ClInclude>
    <ClInclude Include="..\..\src\onyx-shared\AuthCodes.h" />
    <ClInclude Include="..\..\src\onyx-shared\BufferPool.h" />
    <ClInclude Include="..\..\src\onyx-shared\Common.h" />
    <ClInclude Include="..\..\src\onyx-shared\FastQueue.h" />
    <ClInclude Include="..\..\src\onyx-shared\onyxConfig.h" />
    <ClInclude Include="..\..\src\onyx-shared\Storage.h" />
  </ItemGroup>
</Project>