<?xml version="1.0" encoding="utf-8"?>
<Project ToolsVersion="4.0" xmlns="http://schemas.microsoft.com/developer/msbuild/2003">
  <ItemGroup>
    <Filter Include="Source Files">
      <UniqueIdentifier>{78764d86-7969-4408-b31d-c03e68f3b8c2}</UniqueIdentifier>
      <Extensions>cpp;c;cxx;rc;def;r;odl;idl;hpj;bat</Extensions>
    </Filter>
    <Filter Include="Header Files">
      <UniqueIdentifier>{f5513d91-8091-48a1-94f0-c48d7bf62d3b}</UniqueIdentifier>
      <Extensions>h;hpp;hxx;hm;inl</Extensions>
    </Filter>
  </ItemGroup>
  <ItemGroup>
    <ClInclude Include="src\adt.h">
      <Filter>Header Files</Filter>
    </ClInclude>
    <ClInclude Include="src\dbc.h">
      <Filter>Header Files</Filter>
    </ClInclude>
    <ClInclude Include="src\DBCFile.h">
      <Filter>Header Files</Filter>
    </ClInclude>
    <ClInclude Include="src\FileLoader.h">
      <Filter>Header Files</Filter>
    </ClInclude>
    <ClInclude Include="src\headers.h">
      <Filter>Header Files</Filter>
    </ClInclude>
    <ClInclude Include="src\map.h">
      <Filter>Header Files</Filter>
    </ClInclude>
    <ClInclude Include="src\misc.h">
      <Filter>Header Files</Filter>
    </ClInclude>
    <ClInclude Include="src\MPQ.h">
      <Filter>Header Files</Filter>
    </ClInclude>
    <ClInclude Include="src\MPQFile.h">
      <Filter>Header Files</Filter>
    </ClInclude>
    <ClInclude Include="src\typedefs.h">
      <Filter>Header Files</Filter>
    </ClInclude>
    <ClInclude Include="src\wdt.h">
      <Filter>Header Files</Filter>
    </ClInclude>
  </ItemGroup>
  <ItemGroup>
    <ClCompile Include="src\adt.cpp">
      <Filter>Source Files</Filter>
    </ClCompile>
    <ClCompile Include="src\dbc.cpp">
      <Filter>Source Files</Filter>
    </ClCompile>
    <ClCompile Include="src\DBCFile.cpp">
      <Filter>Source Files</Filter>
    </ClCompile>
    <ClCompile Include="src\FileLoader.cpp">
      <Filter>Source Files</Filter>
    </ClCompile>
    <ClCompile Include="src\main.cpp">
      <Filter>Source Files</Filter>
    </ClCompile>
    <ClCompile Include="src\map.cpp">
      <Filter>Source Files</Filter>
    </ClCompile>
    <ClCompile Include="src\misc.cpp">
      <Filter>Source Files</Filter>
    </ClCompile>
    <ClCompile Include="src\MPQ.cpp">
      <Filter>Source Files</Filter>
    </ClCompile>
    <ClCompile Include="src\MPQFile.cpp">
      <Filter>Source Files</Filter>
    </ClCompile>
    <ClCompile Include="src\wdt.cpp">
      <Filter>Source Files</Filter>
    </ClCompile>
  </ItemGroup>
</Project>